// !$*UTF8*$!
{
	archiveVersion = 1;
	classes = {
	};
	objectVersion = 77;
	objects = {

/* Begin PBXBuildFile section */
		0316CFCE845DAFD05A61F5EF /* TimeFormatterTests.swift in Sources */ = {isa = PBXBuildFile; fileRef = D9B8919EF27555C4F388E106 /* TimeFormatterTests.swift */; };
		043971BA84D73DA71E25F8AA /* TimeEntry.swift in Sources */ = {isa = PBXBuildFile; fileRef = 855EB6C881DCF0920E5234EB /* TimeEntry.swift */; };
		047047A734B901E232AE4F02 /* APIClientTests.swift in Sources */ = {isa = PBXBuildFile; fileRef = E4D84B7363473F4C6FA47680 /* APIClientTests.swift */; };
		04A2B8572B25A8E9B797E45B /* WelcomeView.swift in Sources */ = {isa = PBXBuildFile; fileRef = 0F3089A2973F630B1A12EB11 /* WelcomeView.swift */; };
		05A54E081FFB036B0E0687E2 /* AppNavigationStack.swift in Sources */ = {isa = PBXBuildFile; fileRef = 1C4D6CE330BC518B835F9D0D /* AppNavigationStack.swift */; };
		07A39EFFD1190291DFB09950 /* EntriesRepository.swift in Sources */ = {isa = PBXBuildFile; fileRef = F49AA76919C50679A928F53E /* EntriesRepository.swift */; };
		07B957B10278B4D0DB757452 /* ValidationPresentation.swift in Sources */ = {isa = PBXBuildFile; fileRef = 8354E22EF578D0FAD1780F56 /* ValidationPresentation.swift */; };
		08CCCBCD9EF05DA404F276B1 /* TimerView.swift in Sources */ = {isa = PBXBuildFile; fileRef = EA8DFE98BAAEE08E2279FB79 /* TimerView.swift */; };
		090C2A7B79E0933BB66C1AD3 /* String+Localized.swift in Sources */ = {isa = PBXBuildFile; fileRef = A74EDB0BC994A5EFBF04BED2 /* String+Localized.swift */; };
		0978B28CF6918F5C660CE3C0 /* AutoCreateTests.swift in Sources */ = {isa = PBXBuildFile; fileRef = E2CD249531306036256BECA1 /* AutoCreateTests.swift */; };
		0A14B9946CFED15B6D977C91 /* AppContainer+UITesting.swift in Sources */ = {isa = PBXBuildFile; fileRef = A7B8FFA75AF7F8D2F89322E1 /* AppContainer+UITesting.swift */; };
		0CAC1D03E6D0EEE20337B269 /* SessionStore.swift in Sources */ = {isa = PBXBuildFile; fileRef = 0874FC5BA7B3C73D5C5B143E /* SessionStore.swift */; };
		0F6DAA7FFEDF66B1AC52EEAC /* AppConfigTests.swift in Sources */ = {isa = PBXBuildFile; fileRef = 85122E318E4D8F45391C746D /* AppConfigTests.swift */; };
		10C25934106F5C2078D38C20 /* ActivityEditorView.swift in Sources */ = {isa = PBXBuildFile; fileRef = 549D47A62482EA3A25187CF4 /* ActivityEditorView.swift */; };
		140704EEC78AE654C0F8F9B1 /* ActivityRow.swift in Sources */ = {isa = PBXBuildFile; fileRef = 1940CDEB7E82C31DF3E78184 /* ActivityRow.swift */; };
		172234F3334C1E02C095BC91 /* WelcomeViewModelTests.swift in Sources */ = {isa = PBXBuildFile; fileRef = 2EFFF9667C6CCF590471CED4 /* WelcomeViewModelTests.swift */; };
		19F0D73B9A8FF3C0B96E4E3D /* OtpEntryViewModel.swift in Sources */ = {isa = PBXBuildFile; fileRef = 146F9D6A4DD4275282D92DB5 /* OtpEntryViewModel.swift */; };
		1BAD7B573F59E2D54E53A720 /* Haptics.swift in Sources */ = {isa = PBXBuildFile; fileRef = 61B7982F3DBB72A719070CAD /* Haptics.swift */; };
		1F260A1C4D4A4347C3A2355E /* CatalogDTOs.swift in Sources */ = {isa = PBXBuildFile; fileRef = 061260A9F0602284ED8CA942 /* CatalogDTOs.swift */; };
		248A120206447A84CEA4420A /* ColorSwatchGrid.swift in Sources */ = {isa = PBXBuildFile; fileRef = D3490486A667CCCA9B1CED23 /* ColorSwatchGrid.swift */; };
		24C62C5291ADC6171489F5C6 /* AppContainer.swift in Sources */ = {isa = PBXBuildFile; fileRef = 8E168995FCCABB958FC8B931 /* AppContainer.swift */; };
		26F4CC82357D81F490C04B02 /* OtpEntryView.swift in Sources */ = {isa = PBXBuildFile; fileRef = D46B208EB2ABFC11D92353BF /* OtpEntryView.swift */; };
		28E0EFCDC176866086D51DAC /* CatalogStoreTests.swift in Sources */ = {isa = PBXBuildFile; fileRef = B5B064F9B70E0D8881E142A7 /* CatalogStoreTests.swift */; };
		2D54716C3A60788EF56400F4 /* URLProtocolStub.swift in Sources */ = {isa = PBXBuildFile; fileRef = AF43C8060AE670862FB6C0F6 /* URLProtocolStub.swift */; };
		2ECF15BB26AE7182D0D76CC0 /* LocalizationTests.swift in Sources */ = {isa = PBXBuildFile; fileRef = 90C8D61D106A60570A0F793E /* LocalizationTests.swift */; };
		2EE38ACDC32BB66E6913E5D1 /* EmailEntryViewModelTests.swift in Sources */ = {isa = PBXBuildFile; fileRef = 28E9484B3B1BE0C627544FD0 /* EmailEntryViewModelTests.swift */; };
		305F09D4905BE46F43D18CEF /* CatalogServiceTests.swift in Sources */ = {isa = PBXBuildFile; fileRef = 83A4575CB27498BF90940D6E /* CatalogServiceTests.swift */; };
		30923A1E28818F0D5624AE80 /* HTTPMethod.swift in Sources */ = {isa = PBXBuildFile; fileRef = 0EEBE6467C44C00D89A6DA46 /* HTTPMethod.swift */; };
		31C1103D0046FEDFDD22B3EE /* TestFactories.swift in Sources */ = {isa = PBXBuildFile; fileRef = A8385ECB2A212347BA7A5183 /* TestFactories.swift */; };
		321F22885F7DDEEB6B4C9781 /* SectionHeader.swift in Sources */ = {isa = PBXBuildFile; fileRef = 5A3DB6FCD4008EF064419D23 /* SectionHeader.swift */; };
		3252EAC782814F3276189A43 /* TestCatalogFactory.swift in Sources */ = {isa = PBXBuildFile; fileRef = DB0FB4F7076CB6E3EB86278B /* TestCatalogFactory.swift */; };
		3B36D452DDC89425354946BF /* ManageActivitiesViewModel.swift in Sources */ = {isa = PBXBuildFile; fileRef = 3D8CD5D50061CC944CA6028D /* ManageActivitiesViewModel.swift */; };
		3DCB220D6ABFF8B1256716C6 /* APIClientUnauthorizedTests.swift in Sources */ = {isa = PBXBuildFile; fileRef = 58E1BCF5C50A25F2E9E0E9AC /* APIClientUnauthorizedTests.swift */; };
		3F443A76AD9BC439D9780A52 /* FakeEntriesRepository.swift in Sources */ = {isa = PBXBuildFile; fileRef = 7DA665350DB3DCB03DE153E6 /* FakeEntriesRepository.swift */; };
		429F8ADAB0A168FF5819AA77 /* UndoToast.swift in Sources */ = {isa = PBXBuildFile; fileRef = B1922FF7087BF30F3AEEBBFB /* UndoToast.swift */; };
		454DA5D5249EE33F7CFEECD5 /* APIClient.swift in Sources */ = {isa = PBXBuildFile; fileRef = CACB6791213C9DA6D58F9F5E /* APIClient.swift */; };
		48FC3286DE3A81276BF94561 /* ShakeMotion.swift in Sources */ = {isa = PBXBuildFile; fileRef = 498C62CA2B36B0DC05E7F2DA /* ShakeMotion.swift */; };
		4993A7ED50E53B837EC63006 /* TimeOfLifeApp.swift in Sources */ = {isa = PBXBuildFile; fileRef = 8C18B8185BAE478236847BDB /* TimeOfLifeApp.swift */; };
		505245854684D1C616F816B6 /* EmailEntryView.swift in Sources */ = {isa = PBXBuildFile; fileRef = 6ED222893725F45FD60EFDCA /* EmailEntryView.swift */; };
		51FE9052202BC24745D59F48 /* TimerSuggestionsTests.swift in Sources */ = {isa = PBXBuildFile; fileRef = 34EBFFC4BE0D1C3149ABE870 /* TimerSuggestionsTests.swift */; };
		53E19A78A110F18DF1DA3100 /* SuggestionRow.swift in Sources */ = {isa = PBXBuildFile; fileRef = 4563CD910EE478474701EAA2 /* SuggestionRow.swift */; };
		55062862B5B737A4EE3EC8B0 /* MockAPIClient.swift in Sources */ = {isa = PBXBuildFile; fileRef = A804E41CE6F0E40701020E2E /* MockAPIClient.swift */; };
		55A6FE1FB11EBDC58A360F61 /* RemoteAuthRepository.swift in Sources */ = {isa = PBXBuildFile; fileRef = CFA82C0B1B0D3CC37E91A663 /* RemoteAuthRepository.swift */; };
		5624C44246E758AC0CC0F18B /* AuthService.swift in Sources */ = {isa = PBXBuildFile; fileRef = B6E641C4518D72A37B1EBB8D /* AuthService.swift */; };
		597506534B7FB471E0623349 /* BottomBarMeasurement.swift in Sources */ = {isa = PBXBuildFile; fileRef = 2B5A3683F81BF66D5BE42349 /* BottomBarMeasurement.swift */; };
		5EEAF02CCB59536F36B4262B /* NetworkMonitor.swift in Sources */ = {isa = PBXBuildFile; fileRef = C3F6803D7E54B898F2CA9644 /* NetworkMonitor.swift */; };
		5EFCE7CF46CF295721840587 /* KeychainStoring.swift in Sources */ = {isa = PBXBuildFile; fileRef = 8CA716127F00F134D9613A0B /* KeychainStoring.swift */; };
		5F2488D4FCD1C0F62DB73E38 /* AppConfig.swift in Sources */ = {isa = PBXBuildFile; fileRef = 7ABEF75F6EFBA381BDFE37C9 /* AppConfig.swift */; };
		6798D1FE844C54C378319B77 /* InMemoryKeychainStore.swift in Sources */ = {isa = PBXBuildFile; fileRef = 940441AFB736E5F4A66942F0 /* InMemoryKeychainStore.swift */; };
		6853C8F73AA85C9A9D473947 /* AuthValidatorTests.swift in Sources */ = {isa = PBXBuildFile; fileRef = B680BA82BF4A62C66EF06EC8 /* AuthValidatorTests.swift */; };
		68EC519F6C32E6329E751DB8 /* OtpCodeField.swift in Sources */ = {isa = PBXBuildFile; fileRef = C463124D0A0BB4B3ADDE2DD2 /* OtpCodeField.swift */; };
		6ADE90901B2D48DBD55C9CF8 /* KeychainStore.swift in Sources */ = {isa = PBXBuildFile; fileRef = 4B4097319AAF4397780F6439 /* KeychainStore.swift */; };
		6DBC5BDA7DEB71ED3571B768 /* TextFieldWithError.swift in Sources */ = {isa = PBXBuildFile; fileRef = E5FF05A90572B2773B8D7885 /* TextFieldWithError.swift */; };
		6E79B1BBC8B4E817A1A8F8E1 /* UUIDv7Tests.swift in Sources */ = {isa = PBXBuildFile; fileRef = 7959C17B0D414B8872EFF735 /* UUIDv7Tests.swift */; };
		6F8C2CFEE0B00B9817AF30CA /* FakeAppleAuthorizationProvider.swift in Sources */ = {isa = PBXBuildFile; fileRef = F51CD644B504DA570FCB89E0 /* FakeAppleAuthorizationProvider.swift */; };
		74BF2DBB11C2C0F87DB39548 /* UndoBufferTests.swift in Sources */ = {isa = PBXBuildFile; fileRef = F207C589C63747BD7AF0421A /* UndoBufferTests.swift */; };
		769D55B9329E320BDF2AA5F9 /* RemoteAuthRepositoryTests.swift in Sources */ = {isa = PBXBuildFile; fileRef = C4CB3B09CEC8611ED769E87E /* RemoteAuthRepositoryTests.swift */; };
		7E609E0DFA81564B1F0AC878 /* ScopeConfirmation.swift in Sources */ = {isa = PBXBuildFile; fileRef = 4CFF0E09217C6B50D5E26DD3 /* ScopeConfirmation.swift */; };
		806578352B5148EAB4C585BD /* EmailEntryViewModel.swift in Sources */ = {isa = PBXBuildFile; fileRef = B1B0435AD68B3F08FC7E6EE3 /* EmailEntryViewModel.swift */; };
		807CF009F1FAA322EA3DDD18 /* TagSelector.swift in Sources */ = {isa = PBXBuildFile; fileRef = B3D74D0D64CD635EBF410218 /* TagSelector.swift */; };
		8172CADDF67BC614B4B1EC69 /* AuthServiceTests.swift in Sources */ = {isa = PBXBuildFile; fileRef = 25182CD3496B6223AF822CEB /* AuthServiceTests.swift */; };
		81C388C5FC2812B728AC0C98 /* CatalogTestSupport.swift in Sources */ = {isa = PBXBuildFile; fileRef = F3D8BC414274972470867F85 /* CatalogTestSupport.swift */; };
		8313D434E078176833F6E7B6 /* AppRoute.swift in Sources */ = {isa = PBXBuildFile; fileRef = EB2A40580A5C7F81443FA774 /* AppRoute.swift */; };
		831A7CCF1057D56BCAD27608 /* ManageActivitiesView.swift in Sources */ = {isa = PBXBuildFile; fileRef = 2F9C3B782F17D5FC06F57B7B /* ManageActivitiesView.swift */; };
		83DE98DF40B8CCCCD40B8EA3 /* FlowLayout.swift in Sources */ = {isa = PBXBuildFile; fileRef = 9FDB265EB1199054176C5AB7 /* FlowLayout.swift */; };
		84456AD4EF8934541AB482C9 /* TimerViewModelTests.swift in Sources */ = {isa = PBXBuildFile; fileRef = 6A683C275D64600D3CCD0230 /* TimerViewModelTests.swift */; };
		84F9944BA01C29BB062B5FF9 /* TimerViewModel.swift in Sources */ = {isa = PBXBuildFile; fileRef = 1BA5D8E5B341A3B8D60460B0 /* TimerViewModel.swift */; };
		86E0196DDF4BFC41503B86AE /* RootView.swift in Sources */ = {isa = PBXBuildFile; fileRef = 7B5F986977E9E9E353267FCE /* RootView.swift */; };
		87895C2B2EE3435BA50C59B4 /* AuthModels.swift in Sources */ = {isa = PBXBuildFile; fileRef = D3EDF44C573A464EA1B15439 /* AuthModels.swift */; };
		8AB9908B8C7F43985CCFC26D /* AppleSignInButton.swift in Sources */ = {isa = PBXBuildFile; fileRef = 8D155F2818F5E3002BCDE412 /* AppleSignInButton.swift */; };
		8C006D3037EA7CDA2BA71D03 /* RemoteCatalogRepositoryTests.swift in Sources */ = {isa = PBXBuildFile; fileRef = 3E903EA04FBDF345F6C6B430 /* RemoteCatalogRepositoryTests.swift */; };
		8E3BC4D0F95F210ED76AAF02 /* TimerStoring.swift in Sources */ = {isa = PBXBuildFile; fileRef = 14B9F48EF37C2C71C3B823E3 /* TimerStoring.swift */; };
		901312D025DC82FBC35EDD35 /* UUIDv7.swift in Sources */ = {isa = PBXBuildFile; fileRef = 086C505017A874DAF5E38662 /* UUIDv7.swift */; };
		96DAC4EA772846AE3D4424B7 /* SyncQueueTests.swift in Sources */ = {isa = PBXBuildFile; fileRef = 87E2F37E95C6233635B1787C /* SyncQueueTests.swift */; };
		97433A58C0B24D13BECDCEE3 /* FakeAuthRepository.swift in Sources */ = {isa = PBXBuildFile; fileRef = 027048F12B000EA16DC727F5 /* FakeAuthRepository.swift */; };
		9A2D5056DC767BB57C694909 /* OtpEntryViewModelTests.swift in Sources */ = {isa = PBXBuildFile; fileRef = AEABA98A949DF941CA483AD8 /* OtpEntryViewModelTests.swift */; };
		9A98D9858BF93A8733160377 /* IconButton.swift in Sources */ = {isa = PBXBuildFile; fileRef = 64A921C11A07AD58634AEEB8 /* IconButton.swift */; };
		9AF09271230F83054D73D02C /* Assets.xcassets in Resources */ = {isa = PBXBuildFile; fileRef = 6FBC3175DD1600E449FBA5FB /* Assets.xcassets */; };
		9E438E31413AA45653DC9C4C /* Localizable.stringsdict in Resources */ = {isa = PBXBuildFile; fileRef = ED298DD2A52E4A58620A0547 /* Localizable.stringsdict */; };
		9EEA499B8F8CB08732A9AEE8 /* CategoryRow.swift in Sources */ = {isa = PBXBuildFile; fileRef = EBA1CF7CA130A1386B17A2FE /* CategoryRow.swift */; };
		9FE89E7DE05C4F5BA8F2AD7B /* WelcomeViewModel.swift in Sources */ = {isa = PBXBuildFile; fileRef = A61FFB633944A3B39A9E120C /* WelcomeViewModel.swift */; };
		A0965EC8E012E70722305428 /* CatalogValidator.swift in Sources */ = {isa = PBXBuildFile; fileRef = 014C65DB0FEDCE5C5663E109 /* CatalogValidator.swift */; };
		A3BCCB46559CB7E543361CE1 /* ActivityValidatorTests.swift in Sources */ = {isa = PBXBuildFile; fileRef = D5053454E11BDBC327AAEB40 /* ActivityValidatorTests.swift */; };
		A5EC8448563C5BEC82232C26 /* TimeFormatter.swift in Sources */ = {isa = PBXBuildFile; fileRef = 7906983F14097ADD30C4F248 /* TimeFormatter.swift */; };
		A6540BB34CC0FFF8FA0CD75E /* CatalogModelsTests.swift in Sources */ = {isa = PBXBuildFile; fileRef = 174F46829AE71991656082D9 /* CatalogModelsTests.swift */; };
		A6CEFA1184A3AB99BDA1774C /* MockCatalogStore.swift in Sources */ = {isa = PBXBuildFile; fileRef = 1FC394BA0B1A7E023AAA497B /* MockCatalogStore.swift */; };
		A7458B2CB8DCC258720B7B3D /* APIError.swift in Sources */ = {isa = PBXBuildFile; fileRef = 36062DF01DB94D5C475DD8A9 /* APIError.swift */; };
		ABA2DFE7B6F8A2CEA6955096 /* AuthValidator.swift in Sources */ = {isa = PBXBuildFile; fileRef = 30A4C0A62168F19E5DA9FC66 /* AuthValidator.swift */; };
		B32343B28D1AABF2AC182063 /* AuthFlowView.swift in Sources */ = {isa = PBXBuildFile; fileRef = 2843FC74902C48E856B58F46 /* AuthFlowView.swift */; };
		B74650740DD21F1429F02CC0 /* CatalogRepository.swift in Sources */ = {isa = PBXBuildFile; fileRef = E4CDAED1F21CC7FA1F525EB4 /* CatalogRepository.swift */; };
		B7579E8CAA5DF73946E9F899 /* APISending.swift in Sources */ = {isa = PBXBuildFile; fileRef = 678C8AF5EDBA6D6C46007080 /* APISending.swift */; };
		BC3A4360FD3A8D460FC67AAF /* CatalogService.swift in Sources */ = {isa = PBXBuildFile; fileRef = 987E5F62514723D4D5EB9CF4 /* CatalogService.swift */; };
		C187C7B02E6247DB3AE1BE1D /* AuthRepository.swift in Sources */ = {isa = PBXBuildFile; fileRef = A2F1A386CD28E8741E767009 /* AuthRepository.swift */; };
		C19F17DE431375619AB638BD /* TimerService.swift in Sources */ = {isa = PBXBuildFile; fileRef = 5CBC211B0937CFA93E95589C /* TimerService.swift */; };
		C3D34426AA1FF780FF5DFD9D /* ActivityEditorViewModelTests.swift in Sources */ = {isa = PBXBuildFile; fileRef = C703793945E35C5E2EFDF66D /* ActivityEditorViewModelTests.swift */; };
		C6B74A797E95F1C47D9FB76A /* IconPickerGrid.swift in Sources */ = {isa = PBXBuildFile; fileRef = 576373099F082551D5453C7F /* IconPickerGrid.swift */; };
		C6DBF73058E9C2875D47F422 /* RemoteEntriesRepositoryTests.swift in Sources */ = {isa = PBXBuildFile; fileRef = 3BF33E6FE99A20EF1BB92F3E /* RemoteEntriesRepositoryTests.swift */; };
		C980FE7483D4F04D2FF6D114 /* PrimaryButton.swift in Sources */ = {isa = PBXBuildFile; fileRef = FAEFDDE28CA28D60069F0026 /* PrimaryButton.swift */; };
		CA95808DD3174D19A2A6324F /* ActivityEntryCounting.swift in Sources */ = {isa = PBXBuildFile; fileRef = 3AEB29A07FE9CA6E3E7A964D /* ActivityEntryCounting.swift */; };
		CE4E436707E5D8B0B501DB63 /* Localizable.strings in Resources */ = {isa = PBXBuildFile; fileRef = 22079FF917E5AA91F24FAFAD /* Localizable.strings */; };
		CEF4B7D781753D9EB3DA1A2F /* ActivityValidator.swift in Sources */ = {isa = PBXBuildFile; fileRef = A464850D1F5D1A42D2B610B1 /* ActivityValidator.swift */; };
		CFFF4BD509DCF5F3CF15E67C /* CatalogStore.swift in Sources */ = {isa = PBXBuildFile; fileRef = 255243F5EB6763A279107A3E /* CatalogStore.swift */; };
		D2F66BBE205C28A231331FB5 /* ActivityEditorViewModel.swift in Sources */ = {isa = PBXBuildFile; fileRef = 47952C2EA6D88AADFC9774F6 /* ActivityEditorViewModel.swift */; };
		D35474572913AAF5DBEF8998 /* ErrorBanner.swift in Sources */ = {isa = PBXBuildFile; fileRef = B1ABBD582800CD4A3D7D93BB /* ErrorBanner.swift */; };
		D9CB68923AAD88A2AF86C9AA /* ManageActivitiesViewModelTests.swift in Sources */ = {isa = PBXBuildFile; fileRef = 356AD5B9B3FABEC622304D2D /* ManageActivitiesViewModelTests.swift */; };
		E13E32C80E256B47B296FBF3 /* Theme.swift in Sources */ = {isa = PBXBuildFile; fileRef = 54CED4A382185F01233F1DDE /* Theme.swift */; };
		E24F159A9BB0CF9D4E072521 /* AppleSignInService.swift in Sources */ = {isa = PBXBuildFile; fileRef = 6ACB1A62C045903B76031A56 /* AppleSignInService.swift */; };
		E6AF3F110377FDA3600636EE /* SessionCache.swift in Sources */ = {isa = PBXBuildFile; fileRef = 715D8DD36825AF67A5E31466 /* SessionCache.swift */; };
		EAA9CEEC7380B7D281754E3F /* UndoBuffer.swift in Sources */ = {isa = PBXBuildFile; fileRef = 8A8FD1DCD5BFAAD33FBF0446 /* UndoBuffer.swift */; };
		F0DAC53BBE56C751F73C41EF /* AppleSignInServiceTests.swift in Sources */ = {isa = PBXBuildFile; fileRef = 2E1D96E0E511C17C7E3A7AF2 /* AppleSignInServiceTests.swift */; };
		F2A0C0AA7831EEE284624BE5 /* EmptyState.swift in Sources */ = {isa = PBXBuildFile; fileRef = 673BDAA21016DBD758DD3D7E /* EmptyState.swift */; };
		F5E5EF592D54D758215A7DA1 /* FakeCatalogRepository.swift in Sources */ = {isa = PBXBuildFile; fileRef = CCD4CFE455464A8BAD74C005 /* FakeCatalogRepository.swift */; };
		F6BA5226257C575CEF995B44 /* TagChip.swift in Sources */ = {isa = PBXBuildFile; fileRef = FD920AE1DAB6FA15C302B864 /* TagChip.swift */; };
		F85E10182991578B0280E244 /* AppNavigationStackTests.swift in Sources */ = {isa = PBXBuildFile; fileRef = D81CFAAF6C7B857E83AFD310 /* AppNavigationStackTests.swift */; };
		F9DD38F86A930D2B6220B523 /* APIEndpoint.swift in Sources */ = {isa = PBXBuildFile; fileRef = CC48D5C245EF1DD96F6F6004 /* APIEndpoint.swift */; };
		FEB7E688C8C732D23116CC57 /* SyncQueue.swift in Sources */ = {isa = PBXBuildFile; fileRef = 6A6DFAA92296095A1959178D /* SyncQueue.swift */; };
		FF9A532BD13B96EA7AB7BE5C /* CatalogModels.swift in Sources */ = {isa = PBXBuildFile; fileRef = A9D08A7D35F1EA7C976ECD8D /* CatalogModels.swift */; };
/* End PBXBuildFile section */

/* Begin PBXContainerItemProxy section */
		3381D245F5BC35FCA54C0F45 /* PBXContainerItemProxy */ = {
			isa = PBXContainerItemProxy;
			containerPortal = 319D36793D1D28275540E7E2 /* Project object */;
			proxyType = 1;
			remoteGlobalIDString = EB1E59A9D1AC06C64272B862;
			remoteInfo = TimeOfLife;
		};
/* End PBXContainerItemProxy section */

/* Begin PBXFileReference section */
		014C65DB0FEDCE5C5663E109 /* CatalogValidator.swift */ = {isa = PBXFileReference; lastKnownFileType = sourcecode.swift; path = CatalogValidator.swift; sourceTree = "<group>"; };
		027048F12B000EA16DC727F5 /* FakeAuthRepository.swift */ = {isa = PBXFileReference; lastKnownFileType = sourcecode.swift; path = FakeAuthRepository.swift; sourceTree = "<group>"; };
		061260A9F0602284ED8CA942 /* CatalogDTOs.swift */ = {isa = PBXFileReference; lastKnownFileType = sourcecode.swift; path = CatalogDTOs.swift; sourceTree = "<group>"; };
		086C505017A874DAF5E38662 /* UUIDv7.swift */ = {isa = PBXFileReference; lastKnownFileType = sourcecode.swift; path = UUIDv7.swift; sourceTree = "<group>"; };
		0874FC5BA7B3C73D5C5B143E /* SessionStore.swift */ = {isa = PBXFileReference; lastKnownFileType = sourcecode.swift; path = SessionStore.swift; sourceTree = "<group>"; };
		0EEBE6467C44C00D89A6DA46 /* HTTPMethod.swift */ = {isa = PBXFileReference; lastKnownFileType = sourcecode.swift; path = HTTPMethod.swift; sourceTree = "<group>"; };
		0F3089A2973F630B1A12EB11 /* WelcomeView.swift */ = {isa = PBXFileReference; lastKnownFileType = sourcecode.swift; path = WelcomeView.swift; sourceTree = "<group>"; };
		146F9D6A4DD4275282D92DB5 /* OtpEntryViewModel.swift */ = {isa = PBXFileReference; lastKnownFileType = sourcecode.swift; path = OtpEntryViewModel.swift; sourceTree = "<group>"; };
		14B9F48EF37C2C71C3B823E3 /* TimerStoring.swift */ = {isa = PBXFileReference; lastKnownFileType = sourcecode.swift; path = TimerStoring.swift; sourceTree = "<group>"; };
		174F46829AE71991656082D9 /* CatalogModelsTests.swift */ = {isa = PBXFileReference; lastKnownFileType = sourcecode.swift; path = CatalogModelsTests.swift; sourceTree = "<group>"; };
		1940CDEB7E82C31DF3E78184 /* ActivityRow.swift */ = {isa = PBXFileReference; lastKnownFileType = sourcecode.swift; path = ActivityRow.swift; sourceTree = "<group>"; };
		1BA5D8E5B341A3B8D60460B0 /* TimerViewModel.swift */ = {isa = PBXFileReference; lastKnownFileType = sourcecode.swift; path = TimerViewModel.swift; sourceTree = "<group>"; };
		1C4D6CE330BC518B835F9D0D /* AppNavigationStack.swift */ = {isa = PBXFileReference; lastKnownFileType = sourcecode.swift; path = AppNavigationStack.swift; sourceTree = "<group>"; };
		1FC394BA0B1A7E023AAA497B /* MockCatalogStore.swift */ = {isa = PBXFileReference; lastKnownFileType = sourcecode.swift; path = MockCatalogStore.swift; sourceTree = "<group>"; };
		25182CD3496B6223AF822CEB /* AuthServiceTests.swift */ = {isa = PBXFileReference; lastKnownFileType = sourcecode.swift; path = AuthServiceTests.swift; sourceTree = "<group>"; };
		255243F5EB6763A279107A3E /* CatalogStore.swift */ = {isa = PBXFileReference; lastKnownFileType = sourcecode.swift; path = CatalogStore.swift; sourceTree = "<group>"; };
		2843FC74902C48E856B58F46 /* AuthFlowView.swift */ = {isa = PBXFileReference; lastKnownFileType = sourcecode.swift; path = AuthFlowView.swift; sourceTree = "<group>"; };
		28E9484B3B1BE0C627544FD0 /* EmailEntryViewModelTests.swift */ = {isa = PBXFileReference; lastKnownFileType = sourcecode.swift; path = EmailEntryViewModelTests.swift; sourceTree = "<group>"; };
		2B5A3683F81BF66D5BE42349 /* BottomBarMeasurement.swift */ = {isa = PBXFileReference; lastKnownFileType = sourcecode.swift; path = BottomBarMeasurement.swift; sourceTree = "<group>"; };
		2E1D96E0E511C17C7E3A7AF2 /* AppleSignInServiceTests.swift */ = {isa = PBXFileReference; lastKnownFileType = sourcecode.swift; path = AppleSignInServiceTests.swift; sourceTree = "<group>"; };
		2EFFF9667C6CCF590471CED4 /* WelcomeViewModelTests.swift */ = {isa = PBXFileReference; lastKnownFileType = sourcecode.swift; path = WelcomeViewModelTests.swift; sourceTree = "<group>"; };
		2F9C3B782F17D5FC06F57B7B /* ManageActivitiesView.swift */ = {isa = PBXFileReference; lastKnownFileType = sourcecode.swift; path = ManageActivitiesView.swift; sourceTree = "<group>"; };
		30A4C0A62168F19E5DA9FC66 /* AuthValidator.swift */ = {isa = PBXFileReference; lastKnownFileType = sourcecode.swift; path = AuthValidator.swift; sourceTree = "<group>"; };
		34EBFFC4BE0D1C3149ABE870 /* TimerSuggestionsTests.swift */ = {isa = PBXFileReference; lastKnownFileType = sourcecode.swift; path = TimerSuggestionsTests.swift; sourceTree = "<group>"; };
		356AD5B9B3FABEC622304D2D /* ManageActivitiesViewModelTests.swift */ = {isa = PBXFileReference; lastKnownFileType = sourcecode.swift; path = ManageActivitiesViewModelTests.swift; sourceTree = "<group>"; };
		36062DF01DB94D5C475DD8A9 /* APIError.swift */ = {isa = PBXFileReference; lastKnownFileType = sourcecode.swift; path = APIError.swift; sourceTree = "<group>"; };
		3AEB29A07FE9CA6E3E7A964D /* ActivityEntryCounting.swift */ = {isa = PBXFileReference; lastKnownFileType = sourcecode.swift; path = ActivityEntryCounting.swift; sourceTree = "<group>"; };
		3BEFD7B09677BE9B719521B1 /* ru */ = {isa = PBXFileReference; lastKnownFileType = text.plist.stringsdict; name = ru; path = ru.lproj/Localizable.stringsdict; sourceTree = "<group>"; };
		3BF33E6FE99A20EF1BB92F3E /* RemoteEntriesRepositoryTests.swift */ = {isa = PBXFileReference; lastKnownFileType = sourcecode.swift; path = RemoteEntriesRepositoryTests.swift; sourceTree = "<group>"; };
		3D8CD5D50061CC944CA6028D /* ManageActivitiesViewModel.swift */ = {isa = PBXFileReference; lastKnownFileType = sourcecode.swift; path = ManageActivitiesViewModel.swift; sourceTree = "<group>"; };
		3E903EA04FBDF345F6C6B430 /* RemoteCatalogRepositoryTests.swift */ = {isa = PBXFileReference; lastKnownFileType = sourcecode.swift; path = RemoteCatalogRepositoryTests.swift; sourceTree = "<group>"; };
		4563CD910EE478474701EAA2 /* SuggestionRow.swift */ = {isa = PBXFileReference; lastKnownFileType = sourcecode.swift; path = SuggestionRow.swift; sourceTree = "<group>"; };
		47952C2EA6D88AADFC9774F6 /* ActivityEditorViewModel.swift */ = {isa = PBXFileReference; lastKnownFileType = sourcecode.swift; path = ActivityEditorViewModel.swift; sourceTree = "<group>"; };
		498C62CA2B36B0DC05E7F2DA /* ShakeMotion.swift */ = {isa = PBXFileReference; lastKnownFileType = sourcecode.swift; path = ShakeMotion.swift; sourceTree = "<group>"; };
		4B4097319AAF4397780F6439 /* KeychainStore.swift */ = {isa = PBXFileReference; lastKnownFileType = sourcecode.swift; path = KeychainStore.swift; sourceTree = "<group>"; };
		4CFF0E09217C6B50D5E26DD3 /* ScopeConfirmation.swift */ = {isa = PBXFileReference; lastKnownFileType = sourcecode.swift; path = ScopeConfirmation.swift; sourceTree = "<group>"; };
		4EC4306367AA63EABC039B9B /* ru */ = {isa = PBXFileReference; lastKnownFileType = text.plist.strings; name = ru; path = ru.lproj/Localizable.strings; sourceTree = "<group>"; };
		5355A9F93DC1371ECF4AD5E0 /* ru.lproj */ = {isa = PBXFileReference; lastKnownFileType = folder; path = ru.lproj; sourceTree = "<group>"; };
		549D47A62482EA3A25187CF4 /* ActivityEditorView.swift */ = {isa = PBXFileReference; lastKnownFileType = sourcecode.swift; path = ActivityEditorView.swift; sourceTree = "<group>"; };
		54CED4A382185F01233F1DDE /* Theme.swift */ = {isa = PBXFileReference; lastKnownFileType = sourcecode.swift; path = Theme.swift; sourceTree = "<group>"; };
		576373099F082551D5453C7F /* IconPickerGrid.swift */ = {isa = PBXFileReference; lastKnownFileType = sourcecode.swift; path = IconPickerGrid.swift; sourceTree = "<group>"; };
		58E1BCF5C50A25F2E9E0E9AC /* APIClientUnauthorizedTests.swift */ = {isa = PBXFileReference; lastKnownFileType = sourcecode.swift; path = APIClientUnauthorizedTests.swift; sourceTree = "<group>"; };
		5A3DB6FCD4008EF064419D23 /* SectionHeader.swift */ = {isa = PBXFileReference; lastKnownFileType = sourcecode.swift; path = SectionHeader.swift; sourceTree = "<group>"; };
		5CBC211B0937CFA93E95589C /* TimerService.swift */ = {isa = PBXFileReference; lastKnownFileType = sourcecode.swift; path = TimerService.swift; sourceTree = "<group>"; };
		5DB236E2FE48761200087B15 /* en */ = {isa = PBXFileReference; lastKnownFileType = text.plist.stringsdict; name = en; path = en.lproj/Localizable.stringsdict; sourceTree = "<group>"; };
		61B7982F3DBB72A719070CAD /* Haptics.swift */ = {isa = PBXFileReference; lastKnownFileType = sourcecode.swift; path = Haptics.swift; sourceTree = "<group>"; };
		64A921C11A07AD58634AEEB8 /* IconButton.swift */ = {isa = PBXFileReference; lastKnownFileType = sourcecode.swift; path = IconButton.swift; sourceTree = "<group>"; };
		657B3CBE41765BA7CCB784E8 /* en */ = {isa = PBXFileReference; lastKnownFileType = text.plist.strings; name = en; path = en.lproj/Localizable.strings; sourceTree = "<group>"; };
		673BDAA21016DBD758DD3D7E /* EmptyState.swift */ = {isa = PBXFileReference; lastKnownFileType = sourcecode.swift; path = EmptyState.swift; sourceTree = "<group>"; };
		678C8AF5EDBA6D6C46007080 /* APISending.swift */ = {isa = PBXFileReference; lastKnownFileType = sourcecode.swift; path = APISending.swift; sourceTree = "<group>"; };
		67C9EFC30BF19AAFC74B4A33 /* TimeOfLifeTests.xctest */ = {isa = PBXFileReference; explicitFileType = wrapper.cfbundle; includeInIndex = 0; path = TimeOfLifeTests.xctest; sourceTree = BUILT_PRODUCTS_DIR; };
		680E39E55DE52D88F865C14E /* TimeOfLife.app */ = {isa = PBXFileReference; explicitFileType = wrapper.application; includeInIndex = 0; path = TimeOfLife.app; sourceTree = BUILT_PRODUCTS_DIR; };
		6A2271B6B045AC3B5B0ACF51 /* en.lproj */ = {isa = PBXFileReference; lastKnownFileType = folder; path = en.lproj; sourceTree = "<group>"; };
		6A683C275D64600D3CCD0230 /* TimerViewModelTests.swift */ = {isa = PBXFileReference; lastKnownFileType = sourcecode.swift; path = TimerViewModelTests.swift; sourceTree = "<group>"; };
		6A6DFAA92296095A1959178D /* SyncQueue.swift */ = {isa = PBXFileReference; lastKnownFileType = sourcecode.swift; path = SyncQueue.swift; sourceTree = "<group>"; };
		6ACB1A62C045903B76031A56 /* AppleSignInService.swift */ = {isa = PBXFileReference; lastKnownFileType = sourcecode.swift; path = AppleSignInService.swift; sourceTree = "<group>"; };
		6ED222893725F45FD60EFDCA /* EmailEntryView.swift */ = {isa = PBXFileReference; lastKnownFileType = sourcecode.swift; path = EmailEntryView.swift; sourceTree = "<group>"; };
		6FBC3175DD1600E449FBA5FB /* Assets.xcassets */ = {isa = PBXFileReference; lastKnownFileType = folder.assetcatalog; path = Assets.xcassets; sourceTree = "<group>"; };
		715D8DD36825AF67A5E31466 /* SessionCache.swift */ = {isa = PBXFileReference; lastKnownFileType = sourcecode.swift; path = SessionCache.swift; sourceTree = "<group>"; };
		7906983F14097ADD30C4F248 /* TimeFormatter.swift */ = {isa = PBXFileReference; lastKnownFileType = sourcecode.swift; path = TimeFormatter.swift; sourceTree = "<group>"; };
		7959C17B0D414B8872EFF735 /* UUIDv7Tests.swift */ = {isa = PBXFileReference; lastKnownFileType = sourcecode.swift; path = UUIDv7Tests.swift; sourceTree = "<group>"; };
		7ABEF75F6EFBA381BDFE37C9 /* AppConfig.swift */ = {isa = PBXFileReference; lastKnownFileType = sourcecode.swift; path = AppConfig.swift; sourceTree = "<group>"; };
		7B5F986977E9E9E353267FCE /* RootView.swift */ = {isa = PBXFileReference; lastKnownFileType = sourcecode.swift; path = RootView.swift; sourceTree = "<group>"; };
		7DA665350DB3DCB03DE153E6 /* FakeEntriesRepository.swift */ = {isa = PBXFileReference; lastKnownFileType = sourcecode.swift; path = FakeEntriesRepository.swift; sourceTree = "<group>"; };
		8354E22EF578D0FAD1780F56 /* ValidationPresentation.swift */ = {isa = PBXFileReference; lastKnownFileType = sourcecode.swift; path = ValidationPresentation.swift; sourceTree = "<group>"; };
		83A4575CB27498BF90940D6E /* CatalogServiceTests.swift */ = {isa = PBXFileReference; lastKnownFileType = sourcecode.swift; path = CatalogServiceTests.swift; sourceTree = "<group>"; };
		85122E318E4D8F45391C746D /* AppConfigTests.swift */ = {isa = PBXFileReference; lastKnownFileType = sourcecode.swift; path = AppConfigTests.swift; sourceTree = "<group>"; };
		855EB6C881DCF0920E5234EB /* TimeEntry.swift */ = {isa = PBXFileReference; lastKnownFileType = sourcecode.swift; path = TimeEntry.swift; sourceTree = "<group>"; };
		87E2F37E95C6233635B1787C /* SyncQueueTests.swift */ = {isa = PBXFileReference; lastKnownFileType = sourcecode.swift; path = SyncQueueTests.swift; sourceTree = "<group>"; };
		8A8FD1DCD5BFAAD33FBF0446 /* UndoBuffer.swift */ = {isa = PBXFileReference; lastKnownFileType = sourcecode.swift; path = UndoBuffer.swift; sourceTree = "<group>"; };
		8BED8B093172AB8DB5725DC9 /* Config.Debug.xcconfig */ = {isa = PBXFileReference; lastKnownFileType = text.xcconfig; path = Config.Debug.xcconfig; sourceTree = "<group>"; };
		8C18B8185BAE478236847BDB /* TimeOfLifeApp.swift */ = {isa = PBXFileReference; lastKnownFileType = sourcecode.swift; path = TimeOfLifeApp.swift; sourceTree = "<group>"; };
		8CA716127F00F134D9613A0B /* KeychainStoring.swift */ = {isa = PBXFileReference; lastKnownFileType = sourcecode.swift; path = KeychainStoring.swift; sourceTree = "<group>"; };
		8D155F2818F5E3002BCDE412 /* AppleSignInButton.swift */ = {isa = PBXFileReference; lastKnownFileType = sourcecode.swift; path = AppleSignInButton.swift; sourceTree = "<group>"; };
		8E168995FCCABB958FC8B931 /* AppContainer.swift */ = {isa = PBXFileReference; lastKnownFileType = sourcecode.swift; path = AppContainer.swift; sourceTree = "<group>"; };
		90C8D61D106A60570A0F793E /* LocalizationTests.swift */ = {isa = PBXFileReference; lastKnownFileType = sourcecode.swift; path = LocalizationTests.swift; sourceTree = "<group>"; };
		940441AFB736E5F4A66942F0 /* InMemoryKeychainStore.swift */ = {isa = PBXFileReference; lastKnownFileType = sourcecode.swift; path = InMemoryKeychainStore.swift; sourceTree = "<group>"; };
		987E5F62514723D4D5EB9CF4 /* CatalogService.swift */ = {isa = PBXFileReference; lastKnownFileType = sourcecode.swift; path = CatalogService.swift; sourceTree = "<group>"; };
		9FDB265EB1199054176C5AB7 /* FlowLayout.swift */ = {isa = PBXFileReference; lastKnownFileType = sourcecode.swift; path = FlowLayout.swift; sourceTree = "<group>"; };
		A2F1A386CD28E8741E767009 /* AuthRepository.swift */ = {isa = PBXFileReference; lastKnownFileType = sourcecode.swift; path = AuthRepository.swift; sourceTree = "<group>"; };
		A464850D1F5D1A42D2B610B1 /* ActivityValidator.swift */ = {isa = PBXFileReference; lastKnownFileType = sourcecode.swift; path = ActivityValidator.swift; sourceTree = "<group>"; };
		A61FFB633944A3B39A9E120C /* WelcomeViewModel.swift */ = {isa = PBXFileReference; lastKnownFileType = sourcecode.swift; path = WelcomeViewModel.swift; sourceTree = "<group>"; };
		A74EDB0BC994A5EFBF04BED2 /* String+Localized.swift */ = {isa = PBXFileReference; lastKnownFileType = sourcecode.swift; path = "String+Localized.swift"; sourceTree = "<group>"; };
		A7B8FFA75AF7F8D2F89322E1 /* AppContainer+UITesting.swift */ = {isa = PBXFileReference; lastKnownFileType = sourcecode.swift; path = "AppContainer+UITesting.swift"; sourceTree = "<group>"; };
		A804E41CE6F0E40701020E2E /* MockAPIClient.swift */ = {isa = PBXFileReference; lastKnownFileType = sourcecode.swift; path = MockAPIClient.swift; sourceTree = "<group>"; };
		A8385ECB2A212347BA7A5183 /* TestFactories.swift */ = {isa = PBXFileReference; lastKnownFileType = sourcecode.swift; path = TestFactories.swift; sourceTree = "<group>"; };
		A9D08A7D35F1EA7C976ECD8D /* CatalogModels.swift */ = {isa = PBXFileReference; lastKnownFileType = sourcecode.swift; path = CatalogModels.swift; sourceTree = "<group>"; };
		AEABA98A949DF941CA483AD8 /* OtpEntryViewModelTests.swift */ = {isa = PBXFileReference; lastKnownFileType = sourcecode.swift; path = OtpEntryViewModelTests.swift; sourceTree = "<group>"; };
		AF43C8060AE670862FB6C0F6 /* URLProtocolStub.swift */ = {isa = PBXFileReference; lastKnownFileType = sourcecode.swift; path = URLProtocolStub.swift; sourceTree = "<group>"; };
		B1922FF7087BF30F3AEEBBFB /* UndoToast.swift */ = {isa = PBXFileReference; lastKnownFileType = sourcecode.swift; path = UndoToast.swift; sourceTree = "<group>"; };
		B1ABBD582800CD4A3D7D93BB /* ErrorBanner.swift */ = {isa = PBXFileReference; lastKnownFileType = sourcecode.swift; path = ErrorBanner.swift; sourceTree = "<group>"; };
		B1B0435AD68B3F08FC7E6EE3 /* EmailEntryViewModel.swift */ = {isa = PBXFileReference; lastKnownFileType = sourcecode.swift; path = EmailEntryViewModel.swift; sourceTree = "<group>"; };
		B3D74D0D64CD635EBF410218 /* TagSelector.swift */ = {isa = PBXFileReference; lastKnownFileType = sourcecode.swift; path = TagSelector.swift; sourceTree = "<group>"; };
		B5B064F9B70E0D8881E142A7 /* CatalogStoreTests.swift */ = {isa = PBXFileReference; lastKnownFileType = sourcecode.swift; path = CatalogStoreTests.swift; sourceTree = "<group>"; };
		B680BA82BF4A62C66EF06EC8 /* AuthValidatorTests.swift */ = {isa = PBXFileReference; lastKnownFileType = sourcecode.swift; path = AuthValidatorTests.swift; sourceTree = "<group>"; };
		B6E641C4518D72A37B1EBB8D /* AuthService.swift */ = {isa = PBXFileReference; lastKnownFileType = sourcecode.swift; path = AuthService.swift; sourceTree = "<group>"; };
		C0FB891A3C03A1F8612CFF2A /* Config.Release.xcconfig */ = {isa = PBXFileReference; lastKnownFileType = text.xcconfig; path = Config.Release.xcconfig; sourceTree = "<group>"; };
		C3F6803D7E54B898F2CA9644 /* NetworkMonitor.swift */ = {isa = PBXFileReference; lastKnownFileType = sourcecode.swift; path = NetworkMonitor.swift; sourceTree = "<group>"; };
		C463124D0A0BB4B3ADDE2DD2 /* OtpCodeField.swift */ = {isa = PBXFileReference; lastKnownFileType = sourcecode.swift; path = OtpCodeField.swift; sourceTree = "<group>"; };
		C4CB3B09CEC8611ED769E87E /* RemoteAuthRepositoryTests.swift */ = {isa = PBXFileReference; lastKnownFileType = sourcecode.swift; path = RemoteAuthRepositoryTests.swift; sourceTree = "<group>"; };
		C703793945E35C5E2EFDF66D /* ActivityEditorViewModelTests.swift */ = {isa = PBXFileReference; lastKnownFileType = sourcecode.swift; path = ActivityEditorViewModelTests.swift; sourceTree = "<group>"; };
		CACB6791213C9DA6D58F9F5E /* APIClient.swift */ = {isa = PBXFileReference; lastKnownFileType = sourcecode.swift; path = APIClient.swift; sourceTree = "<group>"; };
		CC48D5C245EF1DD96F6F6004 /* APIEndpoint.swift */ = {isa = PBXFileReference; lastKnownFileType = sourcecode.swift; path = APIEndpoint.swift; sourceTree = "<group>"; };
		CCD4CFE455464A8BAD74C005 /* FakeCatalogRepository.swift */ = {isa = PBXFileReference; lastKnownFileType = sourcecode.swift; path = FakeCatalogRepository.swift; sourceTree = "<group>"; };
		CFA82C0B1B0D3CC37E91A663 /* RemoteAuthRepository.swift */ = {isa = PBXFileReference; lastKnownFileType = sourcecode.swift; path = RemoteAuthRepository.swift; sourceTree = "<group>"; };
		D3490486A667CCCA9B1CED23 /* ColorSwatchGrid.swift */ = {isa = PBXFileReference; lastKnownFileType = sourcecode.swift; path = ColorSwatchGrid.swift; sourceTree = "<group>"; };
		D3EDF44C573A464EA1B15439 /* AuthModels.swift */ = {isa = PBXFileReference; lastKnownFileType = sourcecode.swift; path = AuthModels.swift; sourceTree = "<group>"; };
		D46B208EB2ABFC11D92353BF /* OtpEntryView.swift */ = {isa = PBXFileReference; lastKnownFileType = sourcecode.swift; path = OtpEntryView.swift; sourceTree = "<group>"; };
		D5053454E11BDBC327AAEB40 /* ActivityValidatorTests.swift */ = {isa = PBXFileReference; lastKnownFileType = sourcecode.swift; path = ActivityValidatorTests.swift; sourceTree = "<group>"; };
		D81CFAAF6C7B857E83AFD310 /* AppNavigationStackTests.swift */ = {isa = PBXFileReference; lastKnownFileType = sourcecode.swift; path = AppNavigationStackTests.swift; sourceTree = "<group>"; };
		D9B8919EF27555C4F388E106 /* TimeFormatterTests.swift */ = {isa = PBXFileReference; lastKnownFileType = sourcecode.swift; path = TimeFormatterTests.swift; sourceTree = "<group>"; };
		DB0FB4F7076CB6E3EB86278B /* TestCatalogFactory.swift */ = {isa = PBXFileReference; lastKnownFileType = sourcecode.swift; path = TestCatalogFactory.swift; sourceTree = "<group>"; };
		E2CD249531306036256BECA1 /* AutoCreateTests.swift */ = {isa = PBXFileReference; lastKnownFileType = sourcecode.swift; path = AutoCreateTests.swift; sourceTree = "<group>"; };
		E4CDAED1F21CC7FA1F525EB4 /* CatalogRepository.swift */ = {isa = PBXFileReference; lastKnownFileType = sourcecode.swift; path = CatalogRepository.swift; sourceTree = "<group>"; };
		E4D84B7363473F4C6FA47680 /* APIClientTests.swift */ = {isa = PBXFileReference; lastKnownFileType = sourcecode.swift; path = APIClientTests.swift; sourceTree = "<group>"; };
		E5FF05A90572B2773B8D7885 /* TextFieldWithError.swift */ = {isa = PBXFileReference; lastKnownFileType = sourcecode.swift; path = TextFieldWithError.swift; sourceTree = "<group>"; };
		EA8DFE98BAAEE08E2279FB79 /* TimerView.swift */ = {isa = PBXFileReference; lastKnownFileType = sourcecode.swift; path = TimerView.swift; sourceTree = "<group>"; };
		EB2A40580A5C7F81443FA774 /* AppRoute.swift */ = {isa = PBXFileReference; lastKnownFileType = sourcecode.swift; path = AppRoute.swift; sourceTree = "<group>"; };
		EBA1CF7CA130A1386B17A2FE /* CategoryRow.swift */ = {isa = PBXFileReference; lastKnownFileType = sourcecode.swift; path = CategoryRow.swift; sourceTree = "<group>"; };
		F207C589C63747BD7AF0421A /* UndoBufferTests.swift */ = {isa = PBXFileReference; lastKnownFileType = sourcecode.swift; path = UndoBufferTests.swift; sourceTree = "<group>"; };
		F354288D9A7CBC6DF7B3ACDB /* TimeOfLife.entitlements */ = {isa = PBXFileReference; lastKnownFileType = text.plist.entitlements; path = TimeOfLife.entitlements; sourceTree = "<group>"; };
		F3D8BC414274972470867F85 /* CatalogTestSupport.swift */ = {isa = PBXFileReference; lastKnownFileType = sourcecode.swift; path = CatalogTestSupport.swift; sourceTree = "<group>"; };
		F49AA76919C50679A928F53E /* EntriesRepository.swift */ = {isa = PBXFileReference; lastKnownFileType = sourcecode.swift; path = EntriesRepository.swift; sourceTree = "<group>"; };
		F51CD644B504DA570FCB89E0 /* FakeAppleAuthorizationProvider.swift */ = {isa = PBXFileReference; lastKnownFileType = sourcecode.swift; path = FakeAppleAuthorizationProvider.swift; sourceTree = "<group>"; };
		FAEFDDE28CA28D60069F0026 /* PrimaryButton.swift */ = {isa = PBXFileReference; lastKnownFileType = sourcecode.swift; path = PrimaryButton.swift; sourceTree = "<group>"; };
		FD920AE1DAB6FA15C302B864 /* TagChip.swift */ = {isa = PBXFileReference; lastKnownFileType = sourcecode.swift; path = TagChip.swift; sourceTree = "<group>"; };
/* End PBXFileReference section */

/* Begin PBXGroup section */
		00523E7EB805090C97DBD075 /* TimeTracking */ = {
			isa = PBXGroup;
			children = (
				ECC9385D031F4BC8E12C9929 /* Models */,
				D0A739EFB518418BB9BE9FC2 /* Repositories */,
				87A499F8253BC3F34B9C39C7 /* Services */,
				7AC97B3483E5E78921862D9A /* ViewModels */,
				D49566A05157A177C2C8F83A /* Views */,
			);
			path = TimeTracking;
			sourceTree = "<group>";
		};
		014486E4DEF28332995BB0F8 /* Views */ = {
			isa = PBXGroup;
			children = (
				2843FC74902C48E856B58F46 /* AuthFlowView.swift */,
				6ED222893725F45FD60EFDCA /* EmailEntryView.swift */,
				D46B208EB2ABFC11D92353BF /* OtpEntryView.swift */,
				7B5F986977E9E9E353267FCE /* RootView.swift */,
				0F3089A2973F630B1A12EB11 /* WelcomeView.swift */,
			);
			path = Views;
			sourceTree = "<group>";
		};
		0200AF1FDFC49D754313CC71 /* Services */ = {
			isa = PBXGroup;
			children = (
				3AEB29A07FE9CA6E3E7A964D /* ActivityEntryCounting.swift */,
				A464850D1F5D1A42D2B610B1 /* ActivityValidator.swift */,
				987E5F62514723D4D5EB9CF4 /* CatalogService.swift */,
				6A6DFAA92296095A1959178D /* SyncQueue.swift */,
				8A8FD1DCD5BFAAD33FBF0446 /* UndoBuffer.swift */,
			);
			path = Services;
			sourceTree = "<group>";
		};
		07BB07496E47598188A5FAAB /* Repositories */ = {
			isa = PBXGroup;
			children = (
				A2F1A386CD28E8741E767009 /* AuthRepository.swift */,
				CFA82C0B1B0D3CC37E91A663 /* RemoteAuthRepository.swift */,
			);
			path = Repositories;
			sourceTree = "<group>";
		};
		0EB50664B90ACD0CE46399AE /* Models */ = {
			isa = PBXGroup;
			children = (
				D3EDF44C573A464EA1B15439 /* AuthModels.swift */,
			);
			path = Models;
			sourceTree = "<group>";
		};
		10BC42FAAA96C735882E1903 /* Navigation */ = {
			isa = PBXGroup;
			children = (
				1C4D6CE330BC518B835F9D0D /* AppNavigationStack.swift */,
				EB2A40580A5C7F81443FA774 /* AppRoute.swift */,
			);
			path = Navigation;
			sourceTree = "<group>";
		};
		110528C05AB926DFD8939F91 /* Catalog */ = {
			isa = PBXGroup;
			children = (
				C703793945E35C5E2EFDF66D /* ActivityEditorViewModelTests.swift */,
				D5053454E11BDBC327AAEB40 /* ActivityValidatorTests.swift */,
				174F46829AE71991656082D9 /* CatalogModelsTests.swift */,
				83A4575CB27498BF90940D6E /* CatalogServiceTests.swift */,
				B5B064F9B70E0D8881E142A7 /* CatalogStoreTests.swift */,
				F3D8BC414274972470867F85 /* CatalogTestSupport.swift */,
				356AD5B9B3FABEC622304D2D /* ManageActivitiesViewModelTests.swift */,
				3E903EA04FBDF345F6C6B430 /* RemoteCatalogRepositoryTests.swift */,
				87E2F37E95C6233635B1787C /* SyncQueueTests.swift */,
				F207C589C63747BD7AF0421A /* UndoBufferTests.swift */,
				7959C17B0D414B8872EFF735 /* UUIDv7Tests.swift */,
			);
			path = Catalog;
			sourceTree = "<group>";
		};
		11CBD1A0AADB4993DD4B5C74 /* AppleSignIn */ = {
			isa = PBXGroup;
			children = (
				8D155F2818F5E3002BCDE412 /* AppleSignInButton.swift */,
				6ACB1A62C045903B76031A56 /* AppleSignInService.swift */,
			);
			path = AppleSignIn;
			sourceTree = "<group>";
		};
		150AE933BAD2BB785255BF6B /* TestDoubles */ = {
			isa = PBXGroup;
			children = (
				F51CD644B504DA570FCB89E0 /* FakeAppleAuthorizationProvider.swift */,
				027048F12B000EA16DC727F5 /* FakeAuthRepository.swift */,
				CCD4CFE455464A8BAD74C005 /* FakeCatalogRepository.swift */,
				7DA665350DB3DCB03DE153E6 /* FakeEntriesRepository.swift */,
				A804E41CE6F0E40701020E2E /* MockAPIClient.swift */,
				1FC394BA0B1A7E023AAA497B /* MockCatalogStore.swift */,
				AF43C8060AE670862FB6C0F6 /* URLProtocolStub.swift */,
			);
			path = TestDoubles;
			sourceTree = "<group>";
		};
		2713AAB52AF21E9264B54C22 /* Resources */ = {
			isa = PBXGroup;
			children = (
				6FBC3175DD1600E449FBA5FB /* Assets.xcassets */,
			);
			path = Resources;
			sourceTree = "<group>";
		};
		29971E7C47B3B54801A7AB03 /* Keychain */ = {
			isa = PBXGroup;
			children = (
				940441AFB736E5F4A66942F0 /* InMemoryKeychainStore.swift */,
				4B4097319AAF4397780F6439 /* KeychainStore.swift */,
				8CA716127F00F134D9613A0B /* KeychainStoring.swift */,
			);
			path = Keychain;
			sourceTree = "<group>";
		};
		2B8E36A57514D1FCDABE0B8F /* Repositories */ = {
			isa = PBXGroup;
			children = (
				E4CDAED1F21CC7FA1F525EB4 /* CatalogRepository.swift */,
			);
			path = Repositories;
			sourceTree = "<group>";
		};
		2D4ACFC0EBFA1FD331B890C7 /* Configuration */ = {
			isa = PBXGroup;
			children = (
				7ABEF75F6EFBA381BDFE37C9 /* AppConfig.swift */,
				8BED8B093172AB8DB5725DC9 /* Config.Debug.xcconfig */,
				C0FB891A3C03A1F8612CFF2A /* Config.Release.xcconfig */,
				F354288D9A7CBC6DF7B3ACDB /* TimeOfLife.entitlements */,
			);
			path = Configuration;
			sourceTree = "<group>";
		};
		35DD90458F0A247CD1B0592D /* Reachability */ = {
			isa = PBXGroup;
			children = (
				C3F6803D7E54B898F2CA9644 /* NetworkMonitor.swift */,
			);
			path = Reachability;
			sourceTree = "<group>";
		};
		3606CE77B6B89352D857CEC4 /* Storage */ = {
			isa = PBXGroup;
			children = (
				715D8DD36825AF67A5E31466 /* SessionCache.swift */,
			);
			path = Storage;
			sourceTree = "<group>";
		};
		37E96C67910BD43AC2082DA3 /* Features */ = {
			isa = PBXGroup;
			children = (
				11CBD1A0AADB4993DD4B5C74 /* AppleSignIn */,
				B5FDF39D1E1BAEF2F7C50C12 /* Auth */,
				5180A17EA7D70ACA1479B219 /* Catalog */,
				00523E7EB805090C97DBD075 /* TimeTracking */,
			);
			path = Features;
			sourceTree = "<group>";
		};
		4AF65DE0234741CD14F37377 /* Stores */ = {
			isa = PBXGroup;
			children = (
				255243F5EB6763A279107A3E /* CatalogStore.swift */,
			);
			path = Stores;
			sourceTree = "<group>";
		};
		4C091C965BC58520860C967C /* Services */ = {
			isa = PBXGroup;
			children = (
				B6E641C4518D72A37B1EBB8D /* AuthService.swift */,
				30A4C0A62168F19E5DA9FC66 /* AuthValidator.swift */,
				0874FC5BA7B3C73D5C5B143E /* SessionStore.swift */,
			);
			path = Services;
			sourceTree = "<group>";
		};
		5180A17EA7D70ACA1479B219 /* Catalog */ = {
			isa = PBXGroup;
			children = (
				631C3DF5F1A36A8AAAFE2A02 /* Models */,
				2B8E36A57514D1FCDABE0B8F /* Repositories */,
				0200AF1FDFC49D754313CC71 /* Services */,
				4AF65DE0234741CD14F37377 /* Stores */,
				C3EE59DA0F264ACB6584FC63 /* ViewModels */,
				6157943F9594320850FBCE2B /* Views */,
			);
			path = Catalog;
			sourceTree = "<group>";
		};
		54A54A8DAE62DCB200C287D5 /* Networking */ = {
			isa = PBXGroup;
			children = (
				CACB6791213C9DA6D58F9F5E /* APIClient.swift */,
				CC48D5C245EF1DD96F6F6004 /* APIEndpoint.swift */,
				36062DF01DB94D5C475DD8A9 /* APIError.swift */,
				678C8AF5EDBA6D6C46007080 /* APISending.swift */,
				0EEBE6467C44C00D89A6DA46 /* HTTPMethod.swift */,
			);
			path = Networking;
			sourceTree = "<group>";
		};
		6157943F9594320850FBCE2B /* Views */ = {
			isa = PBXGroup;
			children = (
				549D47A62482EA3A25187CF4 /* ActivityEditorView.swift */,
				2F9C3B782F17D5FC06F57B7B /* ManageActivitiesView.swift */,
			);
			path = Views;
			sourceTree = "<group>";
		};
		631C3DF5F1A36A8AAAFE2A02 /* Models */ = {
			isa = PBXGroup;
			children = (
				061260A9F0602284ED8CA942 /* CatalogDTOs.swift */,
				A9D08A7D35F1EA7C976ECD8D /* CatalogModels.swift */,
				014C65DB0FEDCE5C5663E109 /* CatalogValidator.swift */,
				086C505017A874DAF5E38662 /* UUIDv7.swift */,
			);
			path = Models;
			sourceTree = "<group>";
		};
		6472336EA69C8825DDEC458D /* ViewModels */ = {
			isa = PBXGroup;
			children = (
				B1B0435AD68B3F08FC7E6EE3 /* EmailEntryViewModel.swift */,
				146F9D6A4DD4275282D92DB5 /* OtpEntryViewModel.swift */,
				8354E22EF578D0FAD1780F56 /* ValidationPresentation.swift */,
				A61FFB633944A3B39A9E120C /* WelcomeViewModel.swift */,
			);
			path = ViewModels;
			sourceTree = "<group>";
		};
		79992E4CBB3D1AC3C83A9921 /* Catalog */ = {
			isa = PBXGroup;
			children = (
				1940CDEB7E82C31DF3E78184 /* ActivityRow.swift */,
				EBA1CF7CA130A1386B17A2FE /* CategoryRow.swift */,
				D3490486A667CCCA9B1CED23 /* ColorSwatchGrid.swift */,
				9FDB265EB1199054176C5AB7 /* FlowLayout.swift */,
				576373099F082551D5453C7F /* IconPickerGrid.swift */,
				4CFF0E09217C6B50D5E26DD3 /* ScopeConfirmation.swift */,
				5A3DB6FCD4008EF064419D23 /* SectionHeader.swift */,
				4563CD910EE478474701EAA2 /* SuggestionRow.swift */,
				FD920AE1DAB6FA15C302B864 /* TagChip.swift */,
				B3D74D0D64CD635EBF410218 /* TagSelector.swift */,
				B1922FF7087BF30F3AEEBBFB /* UndoToast.swift */,
			);
			path = Catalog;
			sourceTree = "<group>";
		};
		7AC97B3483E5E78921862D9A /* ViewModels */ = {
			isa = PBXGroup;
			children = (
				1BA5D8E5B341A3B8D60460B0 /* TimerViewModel.swift */,
			);
			path = ViewModels;
			sourceTree = "<group>";
		};
		87A499F8253BC3F34B9C39C7 /* Services */ = {
			isa = PBXGroup;
			children = (
				5CBC211B0937CFA93E95589C /* TimerService.swift */,
				14B9F48EF37C2C71C3B823E3 /* TimerStoring.swift */,
			);
			path = Services;
			sourceTree = "<group>";
		};
		936299EF16D018435843EAA0 = {
			isa = PBXGroup;
			children = (
				E3C2DC496450FBE5DFB9F38A /* TimeOfLife */,
				BF6FB4B0CD258E30D271AB84 /* TimeOfLifeTests */,
				AE6167C7A5299CBA0D31B1DC /* Products */,
			);
			sourceTree = "<group>";
		};
		9D56F4AB8DA59643535580C4 /* Theme */ = {
			isa = PBXGroup;
			children = (
				54CED4A382185F01233F1DDE /* Theme.swift */,
			);
			path = Theme;
			sourceTree = "<group>";
		};
		A6BC46F12CEB7684D40A7475 /* Localization */ = {
			isa = PBXGroup;
			children = (
				22079FF917E5AA91F24FAFAD /* Localizable.strings */,
				ED298DD2A52E4A58620A0547 /* Localizable.stringsdict */,
				6A2271B6B045AC3B5B0ACF51 /* en.lproj */,
				5355A9F93DC1371ECF4AD5E0 /* ru.lproj */,
				A74EDB0BC994A5EFBF04BED2 /* String+Localized.swift */,
			);
			path = Localization;
			sourceTree = "<group>";
		};
		A7C4A25BFC511BFBC3CBC54D /* App */ = {
			isa = PBXGroup;
			children = (
				8C18B8185BAE478236847BDB /* TimeOfLifeApp.swift */,
			);
			path = App;
			sourceTree = "<group>";
		};
		A7CBBF07340FB8B020FCF315 /* Utilities */ = {
			isa = PBXGroup;
			children = (
				2B5A3683F81BF66D5BE42349 /* BottomBarMeasurement.swift */,
				61B7982F3DBB72A719070CAD /* Haptics.swift */,
				498C62CA2B36B0DC05E7F2DA /* ShakeMotion.swift */,
				7906983F14097ADD30C4F248 /* TimeFormatter.swift */,
			);
			path = Utilities;
			sourceTree = "<group>";
		};
		A9BFBF542E0AE50368C89E6A /* Design */ = {
			isa = PBXGroup;
			children = (
				F9ED90591E3D97BE16758FD1 /* Components */,
			);
			path = Design;
			sourceTree = "<group>";
		};
		AE6167C7A5299CBA0D31B1DC /* Products */ = {
			isa = PBXGroup;
			children = (
				680E39E55DE52D88F865C14E /* TimeOfLife.app */,
				67C9EFC30BF19AAFC74B4A33 /* TimeOfLifeTests.xctest */,
			);
			name = Products;
			sourceTree = "<group>";
		};
		B5FDF39D1E1BAEF2F7C50C12 /* Auth */ = {
			isa = PBXGroup;
			children = (
				0EB50664B90ACD0CE46399AE /* Models */,
				07BB07496E47598188A5FAAB /* Repositories */,
				4C091C965BC58520860C967C /* Services */,
				6472336EA69C8825DDEC458D /* ViewModels */,
				014486E4DEF28332995BB0F8 /* Views */,
			);
			path = Auth;
			sourceTree = "<group>";
		};
		BC7C057407E48712BFE2C15D /* Helpers */ = {
			isa = PBXGroup;
			children = (
				DB0FB4F7076CB6E3EB86278B /* TestCatalogFactory.swift */,
				A8385ECB2A212347BA7A5183 /* TestFactories.swift */,
			);
			path = Helpers;
			sourceTree = "<group>";
		};
		BF6FB4B0CD258E30D271AB84 /* TimeOfLifeTests */ = {
			isa = PBXGroup;
			children = (
				110528C05AB926DFD8939F91 /* Catalog */,
				BC7C057407E48712BFE2C15D /* Helpers */,
				150AE933BAD2BB785255BF6B /* TestDoubles */,
				E4D84B7363473F4C6FA47680 /* APIClientTests.swift */,
				58E1BCF5C50A25F2E9E0E9AC /* APIClientUnauthorizedTests.swift */,
				85122E318E4D8F45391C746D /* AppConfigTests.swift */,
				2E1D96E0E511C17C7E3A7AF2 /* AppleSignInServiceTests.swift */,
				D81CFAAF6C7B857E83AFD310 /* AppNavigationStackTests.swift */,
				25182CD3496B6223AF822CEB /* AuthServiceTests.swift */,
				B680BA82BF4A62C66EF06EC8 /* AuthValidatorTests.swift */,
				E2CD249531306036256BECA1 /* AutoCreateTests.swift */,
				28E9484B3B1BE0C627544FD0 /* EmailEntryViewModelTests.swift */,
				90C8D61D106A60570A0F793E /* LocalizationTests.swift */,
				AEABA98A949DF941CA483AD8 /* OtpEntryViewModelTests.swift */,
				C4CB3B09CEC8611ED769E87E /* RemoteAuthRepositoryTests.swift */,
				3BF33E6FE99A20EF1BB92F3E /* RemoteEntriesRepositoryTests.swift */,
				D9B8919EF27555C4F388E106 /* TimeFormatterTests.swift */,
				34EBFFC4BE0D1C3149ABE870 /* TimerSuggestionsTests.swift */,
				6A683C275D64600D3CCD0230 /* TimerViewModelTests.swift */,
				2EFFF9667C6CCF590471CED4 /* WelcomeViewModelTests.swift */,
			);
			path = TimeOfLifeTests;
			sourceTree = "<group>";
		};
		C26665AD48BAD66424AF95AC /* Core */ = {
			isa = PBXGroup;
			children = (
				A9BFBF542E0AE50368C89E6A /* Design */,
				E82AEBCF2BCCCAF4BDB0CBAC /* DI */,
				29971E7C47B3B54801A7AB03 /* Keychain */,
				10BC42FAAA96C735882E1903 /* Navigation */,
				54A54A8DAE62DCB200C287D5 /* Networking */,
				35DD90458F0A247CD1B0592D /* Reachability */,
				3606CE77B6B89352D857CEC4 /* Storage */,
				9D56F4AB8DA59643535580C4 /* Theme */,
				A7CBBF07340FB8B020FCF315 /* Utilities */,
			);
			path = Core;
			sourceTree = "<group>";
		};
		C3EE59DA0F264ACB6584FC63 /* ViewModels */ = {
			isa = PBXGroup;
			children = (
				47952C2EA6D88AADFC9774F6 /* ActivityEditorViewModel.swift */,
				3D8CD5D50061CC944CA6028D /* ManageActivitiesViewModel.swift */,
			);
			path = ViewModels;
			sourceTree = "<group>";
		};
		D0A739EFB518418BB9BE9FC2 /* Repositories */ = {
			isa = PBXGroup;
			children = (
				F49AA76919C50679A928F53E /* EntriesRepository.swift */,
			);
			path = Repositories;
			sourceTree = "<group>";
		};
		D49566A05157A177C2C8F83A /* Views */ = {
			isa = PBXGroup;
			children = (
				EA8DFE98BAAEE08E2279FB79 /* TimerView.swift */,
			);
			path = Views;
			sourceTree = "<group>";
		};
		E3C2DC496450FBE5DFB9F38A /* TimeOfLife */ = {
			isa = PBXGroup;
			children = (
				A7C4A25BFC511BFBC3CBC54D /* App */,
				2D4ACFC0EBFA1FD331B890C7 /* Configuration */,
				C26665AD48BAD66424AF95AC /* Core */,
				37E96C67910BD43AC2082DA3 /* Features */,
				A6BC46F12CEB7684D40A7475 /* Localization */,
				2713AAB52AF21E9264B54C22 /* Resources */,
			);
			path = TimeOfLife;
			sourceTree = "<group>";
		};
		E82AEBCF2BCCCAF4BDB0CBAC /* DI */ = {
			isa = PBXGroup;
			children = (
				8E168995FCCABB958FC8B931 /* AppContainer.swift */,
				A7B8FFA75AF7F8D2F89322E1 /* AppContainer+UITesting.swift */,
			);
			path = DI;
			sourceTree = "<group>";
		};
		ECC9385D031F4BC8E12C9929 /* Models */ = {
			isa = PBXGroup;
			children = (
				855EB6C881DCF0920E5234EB /* TimeEntry.swift */,
			);
			path = Models;
			sourceTree = "<group>";
		};
		F9ED90591E3D97BE16758FD1 /* Components */ = {
			isa = PBXGroup;
			children = (
				79992E4CBB3D1AC3C83A9921 /* Catalog */,
				673BDAA21016DBD758DD3D7E /* EmptyState.swift */,
				B1ABBD582800CD4A3D7D93BB /* ErrorBanner.swift */,
				64A921C11A07AD58634AEEB8 /* IconButton.swift */,
				C463124D0A0BB4B3ADDE2DD2 /* OtpCodeField.swift */,
				FAEFDDE28CA28D60069F0026 /* PrimaryButton.swift */,
				E5FF05A90572B2773B8D7885 /* TextFieldWithError.swift */,
			);
			path = Components;
			sourceTree = "<group>";
		};
/* End PBXGroup section */

/* Begin PBXNativeTarget section */
		DD226B64D1EE49B283FB75BD /* TimeOfLifeTests */ = {
			isa = PBXNativeTarget;
			buildConfigurationList = 9440A87273BD9E03060A1C12 /* Build configuration list for PBXNativeTarget "TimeOfLifeTests" */;
			buildPhases = (
				71726A2AFF5974B63DDFB68E /* Sources */,
			);
			buildRules = (
			);
			dependencies = (
				C10DD6D1430F328B5DB261BF /* PBXTargetDependency */,
			);
			name = TimeOfLifeTests;
			packageProductDependencies = (
			);
			productName = TimeOfLifeTests;
			productReference = 67C9EFC30BF19AAFC74B4A33 /* TimeOfLifeTests.xctest */;
			productType = "com.apple.product-type.bundle.unit-test";
		};
		EB1E59A9D1AC06C64272B862 /* TimeOfLife */ = {
			isa = PBXNativeTarget;
			buildConfigurationList = 48E8A288D665418E475A0077 /* Build configuration list for PBXNativeTarget "TimeOfLife" */;
			buildPhases = (
				6D0AE0AAD37AA58A0F1BBCE8 /* Sources */,
				5B68073F37E89B22458ECD47 /* Resources */,
			);
			buildRules = (
			);
			dependencies = (
			);
			name = TimeOfLife;
			packageProductDependencies = (
			);
			productName = TimeOfLife;
			productReference = 680E39E55DE52D88F865C14E /* TimeOfLife.app */;
			productType = "com.apple.product-type.application";
		};
/* End PBXNativeTarget section */

/* Begin PBXProject section */
		319D36793D1D28275540E7E2 /* Project object */ = {
			isa = PBXProject;
			attributes = {
				BuildIndependentTargetsInParallel = YES;
				LastUpgradeCheck = 1430;
				TargetAttributes = {
					DD226B64D1EE49B283FB75BD = {
						DevelopmentTeam = "";
						ProvisioningStyle = Automatic;
					};
					EB1E59A9D1AC06C64272B862 = {
						ProvisioningStyle = Automatic;
					};
				};
			};
			buildConfigurationList = A0FD13A396E96E3888FFBB4A /* Build configuration list for PBXProject "TimeOfLife" */;
			developmentRegion = en;
			hasScannedForEncodings = 0;
			knownRegions = (
				Base,
				en,
				ru,
			);
			mainGroup = 936299EF16D018435843EAA0;
			minimizedProjectReferenceProxies = 1;
			preferredProjectObjectVersion = 77;
			productRefGroup = AE6167C7A5299CBA0D31B1DC /* Products */;
			projectDirPath = "";
			projectRoot = "";
			targets = (
				EB1E59A9D1AC06C64272B862 /* TimeOfLife */,
				DD226B64D1EE49B283FB75BD /* TimeOfLifeTests */,
			);
		};
/* End PBXProject section */

/* Begin PBXResourcesBuildPhase section */
		5B68073F37E89B22458ECD47 /* Resources */ = {
			isa = PBXResourcesBuildPhase;
			buildActionMask = 2147483647;
			files = (
				9AF09271230F83054D73D02C /* Assets.xcassets in Resources */,
				CE4E436707E5D8B0B501DB63 /* Localizable.strings in Resources */,
				9E438E31413AA45653DC9C4C /* Localizable.stringsdict in Resources */,
			);
			runOnlyForDeploymentPostprocessing = 0;
		};
/* End PBXResourcesBuildPhase section */

/* Begin PBXSourcesBuildPhase section */
		6D0AE0AAD37AA58A0F1BBCE8 /* Sources */ = {
			isa = PBXSourcesBuildPhase;
			buildActionMask = 2147483647;
			files = (
				454DA5D5249EE33F7CFEECD5 /* APIClient.swift in Sources */,
				F9DD38F86A930D2B6220B523 /* APIEndpoint.swift in Sources */,
				A7458B2CB8DCC258720B7B3D /* APIError.swift in Sources */,
				B7579E8CAA5DF73946E9F899 /* APISending.swift in Sources */,
				10C25934106F5C2078D38C20 /* ActivityEditorView.swift in Sources */,
				D2F66BBE205C28A231331FB5 /* ActivityEditorViewModel.swift in Sources */,
				CA95808DD3174D19A2A6324F /* ActivityEntryCounting.swift in Sources */,
				140704EEC78AE654C0F8F9B1 /* ActivityRow.swift in Sources */,
				CEF4B7D781753D9EB3DA1A2F /* ActivityValidator.swift in Sources */,
				5F2488D4FCD1C0F62DB73E38 /* AppConfig.swift in Sources */,
				0A14B9946CFED15B6D977C91 /* AppContainer+UITesting.swift in Sources */,
				24C62C5291ADC6171489F5C6 /* AppContainer.swift in Sources */,
				05A54E081FFB036B0E0687E2 /* AppNavigationStack.swift in Sources */,
				8313D434E078176833F6E7B6 /* AppRoute.swift in Sources */,
				8AB9908B8C7F43985CCFC26D /* AppleSignInButton.swift in Sources */,
				E24F159A9BB0CF9D4E072521 /* AppleSignInService.swift in Sources */,
				B32343B28D1AABF2AC182063 /* AuthFlowView.swift in Sources */,
				87895C2B2EE3435BA50C59B4 /* AuthModels.swift in Sources */,
				C187C7B02E6247DB3AE1BE1D /* AuthRepository.swift in Sources */,
				5624C44246E758AC0CC0F18B /* AuthService.swift in Sources */,
				ABA2DFE7B6F8A2CEA6955096 /* AuthValidator.swift in Sources */,
				597506534B7FB471E0623349 /* BottomBarMeasurement.swift in Sources */,
				1F260A1C4D4A4347C3A2355E /* CatalogDTOs.swift in Sources */,
				FF9A532BD13B96EA7AB7BE5C /* CatalogModels.swift in Sources */,
				B74650740DD21F1429F02CC0 /* CatalogRepository.swift in Sources */,
				BC3A4360FD3A8D460FC67AAF /* CatalogService.swift in Sources */,
				CFFF4BD509DCF5F3CF15E67C /* CatalogStore.swift in Sources */,
				A0965EC8E012E70722305428 /* CatalogValidator.swift in Sources */,
				9EEA499B8F8CB08732A9AEE8 /* CategoryRow.swift in Sources */,
				248A120206447A84CEA4420A /* ColorSwatchGrid.swift in Sources */,
				505245854684D1C616F816B6 /* EmailEntryView.swift in Sources */,
				806578352B5148EAB4C585BD /* EmailEntryViewModel.swift in Sources */,
				F2A0C0AA7831EEE284624BE5 /* EmptyState.swift in Sources */,
				07A39EFFD1190291DFB09950 /* EntriesRepository.swift in Sources */,
				D35474572913AAF5DBEF8998 /* ErrorBanner.swift in Sources */,
				83DE98DF40B8CCCCD40B8EA3 /* FlowLayout.swift in Sources */,
				30923A1E28818F0D5624AE80 /* HTTPMethod.swift in Sources */,
				1BAD7B573F59E2D54E53A720 /* Haptics.swift in Sources */,
				9A98D9858BF93A8733160377 /* IconButton.swift in Sources */,
				C6B74A797E95F1C47D9FB76A /* IconPickerGrid.swift in Sources */,
				6798D1FE844C54C378319B77 /* InMemoryKeychainStore.swift in Sources */,
				6ADE90901B2D48DBD55C9CF8 /* KeychainStore.swift in Sources */,
				5EFCE7CF46CF295721840587 /* KeychainStoring.swift in Sources */,
				831A7CCF1057D56BCAD27608 /* ManageActivitiesView.swift in Sources */,
				3B36D452DDC89425354946BF /* ManageActivitiesViewModel.swift in Sources */,
				5EEAF02CCB59536F36B4262B /* NetworkMonitor.swift in Sources */,
				68EC519F6C32E6329E751DB8 /* OtpCodeField.swift in Sources */,
				26F4CC82357D81F490C04B02 /* OtpEntryView.swift in Sources */,
				19F0D73B9A8FF3C0B96E4E3D /* OtpEntryViewModel.swift in Sources */,
				C980FE7483D4F04D2FF6D114 /* PrimaryButton.swift in Sources */,
				55A6FE1FB11EBDC58A360F61 /* RemoteAuthRepository.swift in Sources */,
				86E0196DDF4BFC41503B86AE /* RootView.swift in Sources */,
				7E609E0DFA81564B1F0AC878 /* ScopeConfirmation.swift in Sources */,
				321F22885F7DDEEB6B4C9781 /* SectionHeader.swift in Sources */,
				E6AF3F110377FDA3600636EE /* SessionCache.swift in Sources */,
				0CAC1D03E6D0EEE20337B269 /* SessionStore.swift in Sources */,
				48FC3286DE3A81276BF94561 /* ShakeMotion.swift in Sources */,
				090C2A7B79E0933BB66C1AD3 /* String+Localized.swift in Sources */,
				53E19A78A110F18DF1DA3100 /* SuggestionRow.swift in Sources */,
				FEB7E688C8C732D23116CC57 /* SyncQueue.swift in Sources */,
				F6BA5226257C575CEF995B44 /* TagChip.swift in Sources */,
				807CF009F1FAA322EA3DDD18 /* TagSelector.swift in Sources */,
				6DBC5BDA7DEB71ED3571B768 /* TextFieldWithError.swift in Sources */,
				E13E32C80E256B47B296FBF3 /* Theme.swift in Sources */,
				043971BA84D73DA71E25F8AA /* TimeEntry.swift in Sources */,
				A5EC8448563C5BEC82232C26 /* TimeFormatter.swift in Sources */,
				4993A7ED50E53B837EC63006 /* TimeOfLifeApp.swift in Sources */,
				C19F17DE431375619AB638BD /* TimerService.swift in Sources */,
				8E3BC4D0F95F210ED76AAF02 /* TimerStoring.swift in Sources */,
				08CCCBCD9EF05DA404F276B1 /* TimerView.swift in Sources */,
				84F9944BA01C29BB062B5FF9 /* TimerViewModel.swift in Sources */,
				901312D025DC82FBC35EDD35 /* UUIDv7.swift in Sources */,
				EAA9CEEC7380B7D281754E3F /* UndoBuffer.swift in Sources */,
				429F8ADAB0A168FF5819AA77 /* UndoToast.swift in Sources */,
				07B957B10278B4D0DB757452 /* ValidationPresentation.swift in Sources */,
				04A2B8572B25A8E9B797E45B /* WelcomeView.swift in Sources */,
				9FE89E7DE05C4F5BA8F2AD7B /* WelcomeViewModel.swift in Sources */,
			);
			runOnlyForDeploymentPostprocessing = 0;
		};
		71726A2AFF5974B63DDFB68E /* Sources */ = {
			isa = PBXSourcesBuildPhase;
			buildActionMask = 2147483647;
			files = (
				047047A734B901E232AE4F02 /* APIClientTests.swift in Sources */,
				3DCB220D6ABFF8B1256716C6 /* APIClientUnauthorizedTests.swift in Sources */,
				C3D34426AA1FF780FF5DFD9D /* ActivityEditorViewModelTests.swift in Sources */,
				A3BCCB46559CB7E543361CE1 /* ActivityValidatorTests.swift in Sources */,
				0F6DAA7FFEDF66B1AC52EEAC /* AppConfigTests.swift in Sources */,
				F85E10182991578B0280E244 /* AppNavigationStackTests.swift in Sources */,
				F0DAC53BBE56C751F73C41EF /* AppleSignInServiceTests.swift in Sources */,
				8172CADDF67BC614B4B1EC69 /* AuthServiceTests.swift in Sources */,
				6853C8F73AA85C9A9D473947 /* AuthValidatorTests.swift in Sources */,
				0978B28CF6918F5C660CE3C0 /* AutoCreateTests.swift in Sources */,
				A6540BB34CC0FFF8FA0CD75E /* CatalogModelsTests.swift in Sources */,
				305F09D4905BE46F43D18CEF /* CatalogServiceTests.swift in Sources */,
				28E0EFCDC176866086D51DAC /* CatalogStoreTests.swift in Sources */,
				81C388C5FC2812B728AC0C98 /* CatalogTestSupport.swift in Sources */,
				2EE38ACDC32BB66E6913E5D1 /* EmailEntryViewModelTests.swift in Sources */,
				6F8C2CFEE0B00B9817AF30CA /* FakeAppleAuthorizationProvider.swift in Sources */,
				97433A58C0B24D13BECDCEE3 /* FakeAuthRepository.swift in Sources */,
				F5E5EF592D54D758215A7DA1 /* FakeCatalogRepository.swift in Sources */,
				3F443A76AD9BC439D9780A52 /* FakeEntriesRepository.swift in Sources */,
				2ECF15BB26AE7182D0D76CC0 /* LocalizationTests.swift in Sources */,
				D9CB68923AAD88A2AF86C9AA /* ManageActivitiesViewModelTests.swift in Sources */,
				55062862B5B737A4EE3EC8B0 /* MockAPIClient.swift in Sources */,
				A6CEFA1184A3AB99BDA1774C /* MockCatalogStore.swift in Sources */,
				9A2D5056DC767BB57C694909 /* OtpEntryViewModelTests.swift in Sources */,
				769D55B9329E320BDF2AA5F9 /* RemoteAuthRepositoryTests.swift in Sources */,
				8C006D3037EA7CDA2BA71D03 /* RemoteCatalogRepositoryTests.swift in Sources */,
				C6DBF73058E9C2875D47F422 /* RemoteEntriesRepositoryTests.swift in Sources */,
				96DAC4EA772846AE3D4424B7 /* SyncQueueTests.swift in Sources */,
				3252EAC782814F3276189A43 /* TestCatalogFactory.swift in Sources */,
				31C1103D0046FEDFDD22B3EE /* TestFactories.swift in Sources */,
				0316CFCE845DAFD05A61F5EF /* TimeFormatterTests.swift in Sources */,
				51FE9052202BC24745D59F48 /* TimerSuggestionsTests.swift in Sources */,
				84456AD4EF8934541AB482C9 /* TimerViewModelTests.swift in Sources */,
				2D54716C3A60788EF56400F4 /* URLProtocolStub.swift in Sources */,
				6E79B1BBC8B4E817A1A8F8E1 /* UUIDv7Tests.swift in Sources */,
				74BF2DBB11C2C0F87DB39548 /* UndoBufferTests.swift in Sources */,
				172234F3334C1E02C095BC91 /* WelcomeViewModelTests.swift in Sources */,
			);
			runOnlyForDeploymentPostprocessing = 0;
		};
/* End PBXSourcesBuildPhase section */

/* Begin PBXTargetDependency section */
		C10DD6D1430F328B5DB261BF /* PBXTargetDependency */ = {
			isa = PBXTargetDependency;
			target = EB1E59A9D1AC06C64272B862 /* TimeOfLife */;
			targetProxy = 3381D245F5BC35FCA54C0F45 /* PBXContainerItemProxy */;
		};
/* End PBXTargetDependency section */

/* Begin PBXVariantGroup section */
		22079FF917E5AA91F24FAFAD /* Localizable.strings */ = {
			isa = PBXVariantGroup;
			children = (
				657B3CBE41765BA7CCB784E8 /* en */,
				4EC4306367AA63EABC039B9B /* ru */,
			);
			name = Localizable.strings;
			sourceTree = "<group>";
		};
		ED298DD2A52E4A58620A0547 /* Localizable.stringsdict */ = {
			isa = PBXVariantGroup;
			children = (
				5DB236E2FE48761200087B15 /* en */,
				3BEFD7B09677BE9B719521B1 /* ru */,
			);
			name = Localizable.stringsdict;
			sourceTree = "<group>";
		};
/* End PBXVariantGroup section */

/* Begin XCBuildConfiguration section */
		19E333DB22A46C69E6D7ECD2 /* Debug */ = {
			isa = XCBuildConfiguration;
			buildSettings = {
				BUNDLE_LOADER = "$(TEST_HOST)";
				GENERATE_INFOPLIST_FILE = YES;
				IPHONEOS_DEPLOYMENT_TARGET = 15.0;
				LD_RUNPATH_SEARCH_PATHS = (
					"$(inherited)",
					"@executable_path/Frameworks",
					"@loader_path/Frameworks",
				);
				PRODUCT_BUNDLE_IDENTIFIER = com.antonkosenko.timeoflife.tests;
				SDKROOT = iphoneos;
				TARGETED_DEVICE_FAMILY = "1,2";
				TEST_HOST = "$(BUILT_PRODUCTS_DIR)/TimeOfLife.app/$(BUNDLE_EXECUTABLE_FOLDER_PATH)/TimeOfLife";
			};
			name = Debug;
		};
		3AE411E076C8144B9C513F83 /* Release */ = {
			isa = XCBuildConfiguration;
			buildSettings = {
				ASSETCATALOG_COMPILER_APPICON_NAME = AppIcon;
				ASSETCATALOG_COMPILER_GLOBAL_ACCENT_COLOR_NAME = AccentPrimary;
				CODE_SIGN_ENTITLEMENTS = TimeOfLife/Configuration/TimeOfLife.entitlements;
				CODE_SIGN_IDENTITY = "iPhone Developer";
				CURRENT_PROJECT_VERSION = 1;
				DEVELOPMENT_TEAM = 5H2N86S878;
				ENABLE_PREVIEWS = YES;
				GENERATE_INFOPLIST_FILE = NO;
				INFOPLIST_FILE = TimeOfLife/Configuration/Info.plist;
				IPHONEOS_DEPLOYMENT_TARGET = 15.0;
				LD_RUNPATH_SEARCH_PATHS = (
					"$(inherited)",
					"@executable_path/Frameworks",
				);
				PRODUCT_BUNDLE_IDENTIFIER = com.antonkosenko.timeoflife;
				SDKROOT = iphoneos;
				SWIFT_EMIT_LOC_STRINGS = NO;
				TARGETED_DEVICE_FAMILY = "1,2";
			};
			name = Release;
		};
		63A3FEFA6AB413F033B76ACF /* Debug */ = {
			isa = XCBuildConfiguration;
			buildSettings = {
				ASSETCATALOG_COMPILER_APPICON_NAME = AppIcon;
				ASSETCATALOG_COMPILER_GLOBAL_ACCENT_COLOR_NAME = AccentPrimary;
				CODE_SIGN_ENTITLEMENTS = TimeOfLife/Configuration/TimeOfLife.entitlements;
				CODE_SIGN_IDENTITY = "iPhone Developer";
				CURRENT_PROJECT_VERSION = 1;
				DEVELOPMENT_TEAM = 5H2N86S878;
				ENABLE_PREVIEWS = YES;
				GENERATE_INFOPLIST_FILE = NO;
				INFOPLIST_FILE = TimeOfLife/Configuration/Info.plist;
				IPHONEOS_DEPLOYMENT_TARGET = 15.0;
				LD_RUNPATH_SEARCH_PATHS = (
					"$(inherited)",
					"@executable_path/Frameworks",
				);
				PRODUCT_BUNDLE_IDENTIFIER = com.antonkosenko.timeoflife;
				SDKROOT = iphoneos;
				SWIFT_ACTIVE_COMPILATION_CONDITIONS = DEBUG;
				SWIFT_EMIT_LOC_STRINGS = NO;
				TARGETED_DEVICE_FAMILY = "1,2";
			};
			name = Debug;
		};
		95CE1E81DF0C8590DCC61A65 /* Release */ = {
			isa = XCBuildConfiguration;
			buildSettings = {
				BUNDLE_LOADER = "$(TEST_HOST)";
				GENERATE_INFOPLIST_FILE = YES;
				IPHONEOS_DEPLOYMENT_TARGET = 15.0;
				LD_RUNPATH_SEARCH_PATHS = (
					"$(inherited)",
					"@executable_path/Frameworks",
					"@loader_path/Frameworks",
				);
				PRODUCT_BUNDLE_IDENTIFIER = com.antonkosenko.timeoflife.tests;
				SDKROOT = iphoneos;
				TARGETED_DEVICE_FAMILY = "1,2";
				TEST_HOST = "$(BUILT_PRODUCTS_DIR)/TimeOfLife.app/$(BUNDLE_EXECUTABLE_FOLDER_PATH)/TimeOfLife";
			};
			name = Release;
		};
		D2A181A9C70D66D250D2D9D7 /* Debug */ = {
			isa = XCBuildConfiguration;
			baseConfigurationReference = 8BED8B093172AB8DB5725DC9 /* Config.Debug.xcconfig */;
			buildSettings = {
				ALWAYS_SEARCH_USER_PATHS = NO;
				CLANG_ANALYZER_NONNULL = YES;
				CLANG_ANALYZER_NUMBER_OBJECT_CONVERSION = YES_AGGRESSIVE;
				CLANG_CXX_LANGUAGE_STANDARD = "gnu++14";
				CLANG_CXX_LIBRARY = "libc++";
				CLANG_ENABLE_MODULES = YES;
				CLANG_ENABLE_OBJC_ARC = YES;
				CLANG_ENABLE_OBJC_WEAK = YES;
				CLANG_WARN_BLOCK_CAPTURE_AUTORELEASING = YES;
				CLANG_WARN_BOOL_CONVERSION = YES;
				CLANG_WARN_COMMA = YES;
				CLANG_WARN_CONSTANT_CONVERSION = YES;
				CLANG_WARN_DEPRECATED_OBJC_IMPLEMENTATIONS = YES;
				CLANG_WARN_DIRECT_OBJC_ISA_USAGE = YES_ERROR;
				CLANG_WARN_DOCUMENTATION_COMMENTS = YES;
				CLANG_WARN_EMPTY_BODY = YES;
				CLANG_WARN_ENUM_CONVERSION = YES;
				CLANG_WARN_INFINITE_RECURSION = YES;
				CLANG_WARN_INT_CONVERSION = YES;
				CLANG_WARN_NON_LITERAL_NULL_CONVERSION = YES;
				CLANG_WARN_OBJC_IMPLICIT_RETAIN_SELF = YES;
				CLANG_WARN_OBJC_LITERAL_CONVERSION = YES;
				CLANG_WARN_OBJC_ROOT_CLASS = YES_ERROR;
				CLANG_WARN_QUOTED_INCLUDE_IN_FRAMEWORK_HEADER = YES;
				CLANG_WARN_RANGE_LOOP_ANALYSIS = YES;
				CLANG_WARN_STRICT_PROTOTYPES = YES;
				CLANG_WARN_SUSPICIOUS_MOVE = YES;
				CLANG_WARN_UNGUARDED_AVAILABILITY = YES_AGGRESSIVE;
				CLANG_WARN_UNREACHABLE_CODE = YES;
				CLANG_WARN__DUPLICATE_METHOD_MATCH = YES;
				CODE_SIGNING_REQUIRED = NO;
				CODE_SIGN_IDENTITY = "";
				CODE_SIGN_STYLE = Automatic;
				COPY_PHASE_STRIP = NO;
				DEBUG_INFORMATION_FORMAT = dwarf;
				DEVELOPMENT_TEAM = "";
				ENABLE_STRICT_OBJC_MSGSEND = YES;
				ENABLE_TESTABILITY = YES;
				ENABLE_USER_SCRIPT_SANDBOXING = NO;
				GCC_C_LANGUAGE_STANDARD = gnu11;
				GCC_DYNAMIC_NO_PIC = NO;
				GCC_NO_COMMON_BLOCKS = YES;
				GCC_OPTIMIZATION_LEVEL = 0;
				GCC_PREPROCESSOR_DEFINITIONS = (
					"$(inherited)",
					"DEBUG=1",
				);
				GCC_WARN_64_TO_32_BIT_CONVERSION = YES;
				GCC_WARN_ABOUT_RETURN_TYPE = YES_ERROR;
				GCC_WARN_UNDECLARED_SELECTOR = YES;
				GCC_WARN_UNINITIALIZED_AUTOS = YES_AGGRESSIVE;
				GCC_WARN_UNUSED_FUNCTION = YES;
				GCC_WARN_UNUSED_VARIABLE = YES;
				IPHONEOS_DEPLOYMENT_TARGET = 15.0;
				MTL_ENABLE_DEBUG_INFO = INCLUDE_SOURCE;
				MTL_FAST_MATH = YES;
				ONLY_ACTIVE_ARCH = YES;
				PRODUCT_NAME = "$(TARGET_NAME)";
				SDKROOT = iphoneos;
				SWIFT_ACTIVE_COMPILATION_CONDITIONS = DEBUG;
				SWIFT_OPTIMIZATION_LEVEL = "-Onone";
				SWIFT_STRICT_CONCURRENCY = complete;
				SWIFT_VERSION = 5.0;
			};
			name = Debug;
		};
		FEC88C9B6EC960688CB393F5 /* Release */ = {
			isa = XCBuildConfiguration;
			baseConfigurationReference = C0FB891A3C03A1F8612CFF2A /* Config.Release.xcconfig */;
			buildSettings = {
				ALWAYS_SEARCH_USER_PATHS = NO;
				CLANG_ANALYZER_NONNULL = YES;
				CLANG_ANALYZER_NUMBER_OBJECT_CONVERSION = YES_AGGRESSIVE;
				CLANG_CXX_LANGUAGE_STANDARD = "gnu++14";
				CLANG_CXX_LIBRARY = "libc++";
				CLANG_ENABLE_MODULES = YES;
				CLANG_ENABLE_OBJC_ARC = YES;
				CLANG_ENABLE_OBJC_WEAK = YES;
				CLANG_WARN_BLOCK_CAPTURE_AUTORELEASING = YES;
				CLANG_WARN_BOOL_CONVERSION = YES;
				CLANG_WARN_COMMA = YES;
				CLANG_WARN_CONSTANT_CONVERSION = YES;
				CLANG_WARN_DEPRECATED_OBJC_IMPLEMENTATIONS = YES;
				CLANG_WARN_DIRECT_OBJC_ISA_USAGE = YES_ERROR;
				CLANG_WARN_DOCUMENTATION_COMMENTS = YES;
				CLANG_WARN_EMPTY_BODY = YES;
				CLANG_WARN_ENUM_CONVERSION = YES;
				CLANG_WARN_INFINITE_RECURSION = YES;
				CLANG_WARN_INT_CONVERSION = YES;
				CLANG_WARN_NON_LITERAL_NULL_CONVERSION = YES;
				CLANG_WARN_OBJC_IMPLICIT_RETAIN_SELF = YES;
				CLANG_WARN_OBJC_LITERAL_CONVERSION = YES;
				CLANG_WARN_OBJC_ROOT_CLASS = YES_ERROR;
				CLANG_WARN_QUOTED_INCLUDE_IN_FRAMEWORK_HEADER = YES;
				CLANG_WARN_RANGE_LOOP_ANALYSIS = YES;
				CLANG_WARN_STRICT_PROTOTYPES = YES;
				CLANG_WARN_SUSPICIOUS_MOVE = YES;
				CLANG_WARN_UNGUARDED_AVAILABILITY = YES_AGGRESSIVE;
				CLANG_WARN_UNREACHABLE_CODE = YES;
				CLANG_WARN__DUPLICATE_METHOD_MATCH = YES;
				CODE_SIGNING_REQUIRED = NO;
				CODE_SIGN_IDENTITY = "";
				CODE_SIGN_STYLE = Automatic;
				COPY_PHASE_STRIP = NO;
				DEBUG_INFORMATION_FORMAT = "dwarf-with-dsym";
				DEVELOPMENT_TEAM = "";
				ENABLE_NS_ASSERTIONS = NO;
				ENABLE_STRICT_OBJC_MSGSEND = YES;
				ENABLE_USER_SCRIPT_SANDBOXING = NO;
				GCC_C_LANGUAGE_STANDARD = gnu11;
				GCC_NO_COMMON_BLOCKS = YES;
				GCC_WARN_64_TO_32_BIT_CONVERSION = YES;
				GCC_WARN_ABOUT_RETURN_TYPE = YES_ERROR;
				GCC_WARN_UNDECLARED_SELECTOR = YES;
				GCC_WARN_UNINITIALIZED_AUTOS = YES_AGGRESSIVE;
				GCC_WARN_UNUSED_FUNCTION = YES;
				GCC_WARN_UNUSED_VARIABLE = YES;
				IPHONEOS_DEPLOYMENT_TARGET = 15.0;
				MTL_ENABLE_DEBUG_INFO = NO;
				MTL_FAST_MATH = YES;
				PRODUCT_NAME = "$(TARGET_NAME)";
				SDKROOT = iphoneos;
				SWIFT_COMPILATION_MODE = wholemodule;
				SWIFT_OPTIMIZATION_LEVEL = "-O";
				SWIFT_STRICT_CONCURRENCY = complete;
				SWIFT_VERSION = 5.0;
			};
			name = Release;
		};
/* End XCBuildConfiguration section */

/* Begin XCConfigurationList section */
		48E8A288D665418E475A0077 /* Build configuration list for PBXNativeTarget "TimeOfLife" */ = {
			isa = XCConfigurationList;
			buildConfigurations = (
				63A3FEFA6AB413F033B76ACF /* Debug */,
				3AE411E076C8144B9C513F83 /* Release */,
			);
			defaultConfigurationIsVisible = 0;
			defaultConfigurationName = Debug;
		};
		9440A87273BD9E03060A1C12 /* Build configuration list for PBXNativeTarget "TimeOfLifeTests" */ = {
			isa = XCConfigurationList;
			buildConfigurations = (
				19E333DB22A46C69E6D7ECD2 /* Debug */,
				95CE1E81DF0C8590DCC61A65 /* Release */,
			);
			defaultConfigurationIsVisible = 0;
			defaultConfigurationName = Debug;
		};
		A0FD13A396E96E3888FFBB4A /* Build configuration list for PBXProject "TimeOfLife" */ = {
			isa = XCConfigurationList;
			buildConfigurations = (
				D2A181A9C70D66D250D2D9D7 /* Debug */,
				FEC88C9B6EC960688CB393F5 /* Release */,
			);
			defaultConfigurationIsVisible = 0;
			defaultConfigurationName = Debug;
		};
/* End XCConfigurationList section */
	};
	rootObject = 319D36793D1D28275540E7E2 /* Project object */;
}
